// !$*UTF8*$!
{
	archiveVersion = 1;
	classes = {
	};
	objectVersion = 52;
	objects = {

/* Begin PBXBuildFile section */
		8B0E46F82618F0D60035CF6D /* DoctorLeadingHeader.swift in Sources */ = {isa = PBXBuildFile; fileRef = 8B0E46F72618F0D60035CF6D /* DoctorLeadingHeader.swift */; };
		8B10E37C2625CD9C00476862 /* GraphicTimeTableBuilder.swift in Sources */ = {isa = PBXBuildFile; fileRef = 8B10E37B2625CD9C00476862 /* GraphicTimeTableBuilder.swift */; };
		8B10E3822625CEFB00476862 /* GraphicTimeTableDisplaying.swift in Sources */ = {isa = PBXBuildFile; fileRef = 8B10E3812625CEFB00476862 /* GraphicTimeTableDisplaying.swift */; };
		8B10E3882625CF4200476862 /* GraphicTimeTablePresenter.swift in Sources */ = {isa = PBXBuildFile; fileRef = 8B10E3872625CF4200476862 /* GraphicTimeTablePresenter.swift */; };
		8B10E38C2625CFBB00476862 /* GraphicTimeTablePresentation.swift in Sources */ = {isa = PBXBuildFile; fileRef = 8B10E38B2625CFBB00476862 /* GraphicTimeTablePresentation.swift */; };
		8B10E3922625D04A00476862 /* GraphicTimeTableInteractor.swift in Sources */ = {isa = PBXBuildFile; fileRef = 8B10E3912625D04A00476862 /* GraphicTimeTableInteractor.swift */; };
		8B10E3992625D11000476862 /* GraphicTimeTableInteractorInterface.swift in Sources */ = {isa = PBXBuildFile; fileRef = 8B10E3982625D11000476862 /* GraphicTimeTableInteractorInterface.swift */; };
		8B10E39D2625D18000476862 /* GraphicTimeTableInteractorOutput.swift in Sources */ = {isa = PBXBuildFile; fileRef = 8B10E39C2625D18000476862 /* GraphicTimeTableInteractorOutput.swift */; };
		8B10E3A12625D1E000476862 /* GraphicTimeTableRouter.swift in Sources */ = {isa = PBXBuildFile; fileRef = 8B10E3A02625D1E000476862 /* GraphicTimeTableRouter.swift */; };
		8B10E3A52625D24700476862 /* GraphicTimeTableRouting.swift in Sources */ = {isa = PBXBuildFile; fileRef = 8B10E3A42625D24700476862 /* GraphicTimeTableRouting.swift */; };
		8B188983259CCA4E000B0077 /* Settings.swift in Sources */ = {isa = PBXBuildFile; fileRef = 8B188982259CCA4E000B0077 /* Settings.swift */; };
		8B20CE0426298F630007C20A /* Coordinator.swift in Sources */ = {isa = PBXBuildFile; fileRef = 8B20CE0326298F630007C20A /* Coordinator.swift */; };
		8B20CE0826298FCE0007C20A /* MainCoordinator.swift in Sources */ = {isa = PBXBuildFile; fileRef = 8B20CE0726298FCE0007C20A /* MainCoordinator.swift */; };
		8B20CE0F262995FA0007C20A /* DatePicker.swift in Sources */ = {isa = PBXBuildFile; fileRef = 8B20CE0E262995FA0007C20A /* DatePicker.swift */; };
		8B20CE23262997A70007C20A /* CalendarViewController.swift in Sources */ = {isa = PBXBuildFile; fileRef = 8B20CE22262997A70007C20A /* CalendarViewController.swift */; };
		8B20CE2A262997B30007C20A /* MonthHeader.swift in Sources */ = {isa = PBXBuildFile; fileRef = 8B20CE26262997B30007C20A /* MonthHeader.swift */; };
		8B20CE2B262997B30007C20A /* DayLabel.swift in Sources */ = {isa = PBXBuildFile; fileRef = 8B20CE27262997B30007C20A /* DayLabel.swift */; };
		8B20CE2C262997B30007C20A /* ConfirmationView.swift in Sources */ = {isa = PBXBuildFile; fileRef = 8B20CE28262997B30007C20A /* ConfirmationView.swift */; };
		8B20CE2D262997B30007C20A /* DayOfWeekRow.swift in Sources */ = {isa = PBXBuildFile; fileRef = 8B20CE29262997B30007C20A /* DayOfWeekRow.swift */; };
		8B20CE33262997D00007C20A /* CalendarPresenter.swift in Sources */ = {isa = PBXBuildFile; fileRef = 8B20CE31262997D00007C20A /* CalendarPresenter.swift */; };
		8B20CE34262997D00007C20A /* CalendarPresentation.swift in Sources */ = {isa = PBXBuildFile; fileRef = 8B20CE32262997D00007C20A /* CalendarPresentation.swift */; };
		8B20CE3B262997E40007C20A /* CalendarRouter.swift in Sources */ = {isa = PBXBuildFile; fileRef = 8B20CE38262997E40007C20A /* CalendarRouter.swift */; };
		8B20CE3C262997E40007C20A /* CalendarRouting.swift in Sources */ = {isa = PBXBuildFile; fileRef = 8B20CE39262997E40007C20A /* CalendarRouting.swift */; };
		8B20CE3D262997E40007C20A /* CalendarRouterOutput.swift in Sources */ = {isa = PBXBuildFile; fileRef = 8B20CE3A262997E40007C20A /* CalendarRouterOutput.swift */; };
		8B20CE41262997EF0007C20A /* CalendarBuilder.swift in Sources */ = {isa = PBXBuildFile; fileRef = 8B20CE40262997EF0007C20A /* CalendarBuilder.swift */; };
		8B20CE4A262998B60007C20A /* HorizonCalendar in Frameworks */ = {isa = PBXBuildFile; productRef = 8B20CE49262998B60007C20A /* HorizonCalendar */; };
		8B20CE532629995C0007C20A /* Design.swift in Sources */ = {isa = PBXBuildFile; fileRef = 8B20CE522629995C0007C20A /* Design.swift */; };
		8B20CE5D2629998F0007C20A /* Bundle-Decodable.swift in Sources */ = {isa = PBXBuildFile; fileRef = 8B20CE5B2629998F0007C20A /* Bundle-Decodable.swift */; };
		8B20CE5E2629998F0007C20A /* DateFormatterExtension.swift in Sources */ = {isa = PBXBuildFile; fileRef = 8B20CE5C2629998F0007C20A /* DateFormatterExtension.swift */; };
		8B29219E257930630058B51E /* TimelineView.swift in Sources */ = {isa = PBXBuildFile; fileRef = 8B29219D257930630058B51E /* TimelineView.swift */; };
		8B38A1AA260D133500CA01A0 /* TimeTableViewController.swift in Sources */ = {isa = PBXBuildFile; fileRef = 8B38A1A9260D133500CA01A0 /* TimeTableViewController.swift */; };
		8B38A1B0260D136500CA01A0 /* TimeTableDisplaying.swift in Sources */ = {isa = PBXBuildFile; fileRef = 8B38A1AF260D136500CA01A0 /* TimeTableDisplaying.swift */; };
		8B38A1B4260D137200CA01A0 /* TimeTablePresentation.swift in Sources */ = {isa = PBXBuildFile; fileRef = 8B38A1B3260D137200CA01A0 /* TimeTablePresentation.swift */; };
		8B38A1B8260D13B900CA01A0 /* TimeTablePresenter.swift in Sources */ = {isa = PBXBuildFile; fileRef = 8B38A1B7260D13B900CA01A0 /* TimeTablePresenter.swift */; };
		8B38A1BC260D13DD00CA01A0 /* TimeTableInteractor.swift in Sources */ = {isa = PBXBuildFile; fileRef = 8B38A1BB260D13DD00CA01A0 /* TimeTableInteractor.swift */; };
		8B38A1C0260D13F600CA01A0 /* TimeTableInteractorInterface.swift in Sources */ = {isa = PBXBuildFile; fileRef = 8B38A1BF260D13F600CA01A0 /* TimeTableInteractorInterface.swift */; };
		8B38A1C4260D140200CA01A0 /* TimeTableInteractorOutput.swift in Sources */ = {isa = PBXBuildFile; fileRef = 8B38A1C3260D140200CA01A0 /* TimeTableInteractorOutput.swift */; };
		8B38A1C8260D148000CA01A0 /* TimeTableRouting.swift in Sources */ = {isa = PBXBuildFile; fileRef = 8B38A1C7260D148000CA01A0 /* TimeTableRouting.swift */; };
		8B38A1CC260D14AE00CA01A0 /* TimeTableRouter.swift in Sources */ = {isa = PBXBuildFile; fileRef = 8B38A1CB260D14AE00CA01A0 /* TimeTableRouter.swift */; };
		8B38A1D8260D16E600CA01A0 /* TimeTablePatient.swift in Sources */ = {isa = PBXBuildFile; fileRef = 8B38A1D7260D16E600CA01A0 /* TimeTablePatient.swift */; };
		8B41FE7F261E3D4B009ED53E /* TimeTableCellFactory.swift in Sources */ = {isa = PBXBuildFile; fileRef = 8B41FE7E261E3D4B009ED53E /* TimeTableCellFactory.swift */; };
		8B49426A2625790B00275057 /* TimeTableCell.swift in Sources */ = {isa = PBXBuildFile; fileRef = 8B4942692625790B00275057 /* TimeTableCell.swift */; };
		8B576BA72624ADEF0013E62E /* DoctorSectionPlaceholder.swift in Sources */ = {isa = PBXBuildFile; fileRef = 8B576BA62624ADEF0013E62E /* DoctorSectionPlaceholder.swift */; };
		8B62D61C2615C57A006A78F4 /* TimeTableBuilder.swift in Sources */ = {isa = PBXBuildFile; fileRef = 8B62D61B2615C57A006A78F4 /* TimeTableBuilder.swift */; };
		8B62D6242615CB7A006A78F4 /* DatePickerHeader.swift in Sources */ = {isa = PBXBuildFile; fileRef = 8B62D6232615CB7A006A78F4 /* DatePickerHeader.swift */; };
		8B62D6282615ECC7006A78F4 /* CallButtonFooter.swift in Sources */ = {isa = PBXBuildFile; fileRef = 8B62D6272615ECC7006A78F4 /* CallButtonFooter.swift */; };
		8B6B0F87261CA56700F416D1 /* TimeTableAction.swift in Sources */ = {isa = PBXBuildFile; fileRef = 8B6B0F86261CA56700F416D1 /* TimeTableAction.swift */; };
		8B6E9DAF2621B0D900DD2631 /* ActionListBackgroundDecorationView.swift in Sources */ = {isa = PBXBuildFile; fileRef = 8B6E9DAE2621B0D900DD2631 /* ActionListBackgroundDecorationView.swift */; };
		8B733D0E256878070082784E /* TimeTableDataManager.swift in Sources */ = {isa = PBXBuildFile; fileRef = 8B733D0D256878070082784E /* TimeTableDataManager.swift */; };
		8B733D15256934BB0082784E /* schedules.json in Resources */ = {isa = PBXBuildFile; fileRef = 8B733D14256934BB0082784E /* schedules.json */; };
		8B843668256DB0D1006057EF /* Doctor.swift in Sources */ = {isa = PBXBuildFile; fileRef = 8B843667256DB0D1006057EF /* Doctor.swift */; };
		8B84366B256DB126006057EF /* Person.swift in Sources */ = {isa = PBXBuildFile; fileRef = 8B84366A256DB126006057EF /* Person.swift */; };
		8B95FA292624CF5E007DAF9D /* DoctorPlaceholder.swift in Sources */ = {isa = PBXBuildFile; fileRef = 8B95FA282624CF5E007DAF9D /* DoctorPlaceholder.swift */; };
		8BA602F9260DA36700DF686B /* DoctorCell.swift in Sources */ = {isa = PBXBuildFile; fileRef = 8BA602F8260DA36700DF686B /* DoctorCell.swift */; };
		8BA60309260DDBCA00DF686B /* PatientCell.swift in Sources */ = {isa = PBXBuildFile; fileRef = 8BA60308260DDBCA00DF686B /* PatientCell.swift */; };
		8BA6030D260DDF8300DF686B /* TimeTablePatientView.swift in Sources */ = {isa = PBXBuildFile; fileRef = 8BA6030C260DDF8300DF686B /* TimeTablePatientView.swift */; };
		8BADB070261623DF00DEC3AC /* TimeTableCollectionViewLayout.swift in Sources */ = {isa = PBXBuildFile; fileRef = 8BADB06F261623DF00DEC3AC /* TimeTableCollectionViewLayout.swift */; };
		8BBEEF32261C968700A06B2D /* ActionListCell.swift in Sources */ = {isa = PBXBuildFile; fileRef = 8BBEEF31261C968700A06B2D /* ActionListCell.swift */; };
		8BCAB79A2559D4A4001A93D0 /* AppDelegate.swift in Sources */ = {isa = PBXBuildFile; fileRef = 8BCAB7992559D4A4001A93D0 /* AppDelegate.swift */; };
		8BCAB79C2559D4A4001A93D0 /* SceneDelegate.swift in Sources */ = {isa = PBXBuildFile; fileRef = 8BCAB79B2559D4A4001A93D0 /* SceneDelegate.swift */; };
		8BCAB7A32559D4A5001A93D0 /* Assets.xcassets in Resources */ = {isa = PBXBuildFile; fileRef = 8BCAB7A22559D4A5001A93D0 /* Assets.xcassets */; };
		8BCAB7B22559D564001A93D0 /* GraphicTimeTableViewController.swift in Sources */ = {isa = PBXBuildFile; fileRef = 8BCAB7B12559D564001A93D0 /* GraphicTimeTableViewController.swift */; };
		8BCAB7BB2559D5EF001A93D0 /* GraphicTableView.swift in Sources */ = {isa = PBXBuildFile; fileRef = 8BCAB7BA2559D5EF001A93D0 /* GraphicTableView.swift */; };
		8BCAB7BE2559D608001A93D0 /* DoctorScheduleView.swift in Sources */ = {isa = PBXBuildFile; fileRef = 8BCAB7BD2559D608001A93D0 /* DoctorScheduleView.swift */; };
		8BCAB7C12559D618001A93D0 /* DoctorSchedule.swift in Sources */ = {isa = PBXBuildFile; fileRef = 8BCAB7C02559D618001A93D0 /* DoctorSchedule.swift */; };
		8BCAB7D42559DC9C001A93D0 /* Roboto-Light.ttf in Resources */ = {isa = PBXBuildFile; fileRef = 8BCAB7C82559DC9C001A93D0 /* Roboto-Light.ttf */; };
		8BCAB7D52559DC9C001A93D0 /* Roboto-Thin.ttf in Resources */ = {isa = PBXBuildFile; fileRef = 8BCAB7C92559DC9C001A93D0 /* Roboto-Thin.ttf */; };
		8BCAB7D72559DC9C001A93D0 /* Roboto-Regular.ttf in Resources */ = {isa = PBXBuildFile; fileRef = 8BCAB7CB2559DC9C001A93D0 /* Roboto-Regular.ttf */; };
		8BCAB7D92559DC9C001A93D0 /* Roboto-Medium.ttf in Resources */ = {isa = PBXBuildFile; fileRef = 8BCAB7CD2559DC9C001A93D0 /* Roboto-Medium.ttf */; };
		8BCAB7DB2559DC9C001A93D0 /* Roboto-Black.ttf in Resources */ = {isa = PBXBuildFile; fileRef = 8BCAB7CF2559DC9C001A93D0 /* Roboto-Black.ttf */; };
		8BCAB7DE2559DC9C001A93D0 /* Roboto-Bold.ttf in Resources */ = {isa = PBXBuildFile; fileRef = 8BCAB7D22559DC9C001A93D0 /* Roboto-Bold.ttf */; };
		8BE26CEA2616A9D800B65513 /* PatientSectionBackgroundDecorationView.swift in Sources */ = {isa = PBXBuildFile; fileRef = 8BE26CE92616A9D800B65513 /* PatientSectionBackgroundDecorationView.swift */; };
		8BFE342A25B378150058F42F /* ClinicAdministrationTests.swift in Sources */ = {isa = PBXBuildFile; fileRef = 8BFE342925B378150058F42F /* ClinicAdministrationTests.swift */; };
/* End PBXBuildFile section */

/* Begin PBXContainerItemProxy section */
		8BFE342C25B378150058F42F /* PBXContainerItemProxy */ = {
			isa = PBXContainerItemProxy;
			containerPortal = 8BCAB78E2559D4A4001A93D0 /* Project object */;
			proxyType = 1;
			remoteGlobalIDString = 8BCAB7952559D4A4001A93D0;
			remoteInfo = ClinicAdministration;
		};
/* End PBXContainerItemProxy section */

/* Begin PBXFileReference section */
		8B0E46F72618F0D60035CF6D /* DoctorLeadingHeader.swift */ = {isa = PBXFileReference; lastKnownFileType = sourcecode.swift; path = DoctorLeadingHeader.swift; sourceTree = "<group>"; };
		8B10E37B2625CD9C00476862 /* GraphicTimeTableBuilder.swift */ = {isa = PBXFileReference; lastKnownFileType = sourcecode.swift; path = GraphicTimeTableBuilder.swift; sourceTree = "<group>"; };
		8B10E3812625CEFB00476862 /* GraphicTimeTableDisplaying.swift */ = {isa = PBXFileReference; lastKnownFileType = sourcecode.swift; path = GraphicTimeTableDisplaying.swift; sourceTree = "<group>"; };
		8B10E3872625CF4200476862 /* GraphicTimeTablePresenter.swift */ = {isa = PBXFileReference; lastKnownFileType = sourcecode.swift; path = GraphicTimeTablePresenter.swift; sourceTree = "<group>"; };
		8B10E38B2625CFBB00476862 /* GraphicTimeTablePresentation.swift */ = {isa = PBXFileReference; lastKnownFileType = sourcecode.swift; path = GraphicTimeTablePresentation.swift; sourceTree = "<group>"; };
		8B10E3912625D04A00476862 /* GraphicTimeTableInteractor.swift */ = {isa = PBXFileReference; lastKnownFileType = sourcecode.swift; path = GraphicTimeTableInteractor.swift; sourceTree = "<group>"; };
		8B10E3982625D11000476862 /* GraphicTimeTableInteractorInterface.swift */ = {isa = PBXFileReference; lastKnownFileType = sourcecode.swift; path = GraphicTimeTableInteractorInterface.swift; sourceTree = "<group>"; };
		8B10E39C2625D18000476862 /* GraphicTimeTableInteractorOutput.swift */ = {isa = PBXFileReference; lastKnownFileType = sourcecode.swift; path = GraphicTimeTableInteractorOutput.swift; sourceTree = "<group>"; };
		8B10E3A02625D1E000476862 /* GraphicTimeTableRouter.swift */ = {isa = PBXFileReference; lastKnownFileType = sourcecode.swift; path = GraphicTimeTableRouter.swift; sourceTree = "<group>"; };
		8B10E3A42625D24700476862 /* GraphicTimeTableRouting.swift */ = {isa = PBXFileReference; lastKnownFileType = sourcecode.swift; path = GraphicTimeTableRouting.swift; sourceTree = "<group>"; };
		8B188982259CCA4E000B0077 /* Settings.swift */ = {isa = PBXFileReference; lastKnownFileType = sourcecode.swift; path = Settings.swift; sourceTree = "<group>"; };
		8B20CE0326298F630007C20A /* Coordinator.swift */ = {isa = PBXFileReference; lastKnownFileType = sourcecode.swift; path = Coordinator.swift; sourceTree = "<group>"; };
		8B20CE0726298FCE0007C20A /* MainCoordinator.swift */ = {isa = PBXFileReference; lastKnownFileType = sourcecode.swift; path = MainCoordinator.swift; sourceTree = "<group>"; };
		8B20CE0E262995FA0007C20A /* DatePicker.swift */ = {isa = PBXFileReference; fileEncoding = 4; lastKnownFileType = sourcecode.swift; path = DatePicker.swift; sourceTree = "<group>"; };
		8B20CE22262997A70007C20A /* CalendarViewController.swift */ = {isa = PBXFileReference; fileEncoding = 4; lastKnownFileType = sourcecode.swift; path = CalendarViewController.swift; sourceTree = "<group>"; };
		8B20CE26262997B30007C20A /* MonthHeader.swift */ = {isa = PBXFileReference; fileEncoding = 4; lastKnownFileType = sourcecode.swift; path = MonthHeader.swift; sourceTree = "<group>"; };
		8B20CE27262997B30007C20A /* DayLabel.swift */ = {isa = PBXFileReference; fileEncoding = 4; lastKnownFileType = sourcecode.swift; path = DayLabel.swift; sourceTree = "<group>"; };
		8B20CE28262997B30007C20A /* ConfirmationView.swift */ = {isa = PBXFileReference; fileEncoding = 4; lastKnownFileType = sourcecode.swift; path = ConfirmationView.swift; sourceTree = "<group>"; };
		8B20CE29262997B30007C20A /* DayOfWeekRow.swift */ = {isa = PBXFileReference; fileEncoding = 4; lastKnownFileType = sourcecode.swift; path = DayOfWeekRow.swift; sourceTree = "<group>"; };
		8B20CE31262997D00007C20A /* CalendarPresenter.swift */ = {isa = PBXFileReference; fileEncoding = 4; lastKnownFileType = sourcecode.swift; path = CalendarPresenter.swift; sourceTree = "<group>"; };
		8B20CE32262997D00007C20A /* CalendarPresentation.swift */ = {isa = PBXFileReference; fileEncoding = 4; lastKnownFileType = sourcecode.swift; path = CalendarPresentation.swift; sourceTree = "<group>"; };
		8B20CE38262997E40007C20A /* CalendarRouter.swift */ = {isa = PBXFileReference; fileEncoding = 4; lastKnownFileType = sourcecode.swift; path = CalendarRouter.swift; sourceTree = "<group>"; };
		8B20CE39262997E40007C20A /* CalendarRouting.swift */ = {isa = PBXFileReference; fileEncoding = 4; lastKnownFileType = sourcecode.swift; path = CalendarRouting.swift; sourceTree = "<group>"; };
		8B20CE3A262997E40007C20A /* CalendarRouterOutput.swift */ = {isa = PBXFileReference; fileEncoding = 4; lastKnownFileType = sourcecode.swift; path = CalendarRouterOutput.swift; sourceTree = "<group>"; };
		8B20CE40262997EF0007C20A /* CalendarBuilder.swift */ = {isa = PBXFileReference; fileEncoding = 4; lastKnownFileType = sourcecode.swift; path = CalendarBuilder.swift; sourceTree = "<group>"; };
		8B20CE522629995C0007C20A /* Design.swift */ = {isa = PBXFileReference; fileEncoding = 4; lastKnownFileType = sourcecode.swift; path = Design.swift; sourceTree = "<group>"; };
		8B20CE5B2629998F0007C20A /* Bundle-Decodable.swift */ = {isa = PBXFileReference; fileEncoding = 4; lastKnownFileType = sourcecode.swift; path = "Bundle-Decodable.swift"; sourceTree = "<group>"; };
		8B20CE5C2629998F0007C20A /* DateFormatterExtension.swift */ = {isa = PBXFileReference; fileEncoding = 4; lastKnownFileType = sourcecode.swift; path = DateFormatterExtension.swift; sourceTree = "<group>"; };
		8B29219D257930630058B51E /* TimelineView.swift */ = {isa = PBXFileReference; lastKnownFileType = sourcecode.swift; path = TimelineView.swift; sourceTree = "<group>"; };
		8B38A1A9260D133500CA01A0 /* TimeTableViewController.swift */ = {isa = PBXFileReference; lastKnownFileType = sourcecode.swift; path = TimeTableViewController.swift; sourceTree = "<group>"; };
		8B38A1AF260D136500CA01A0 /* TimeTableDisplaying.swift */ = {isa = PBXFileReference; lastKnownFileType = sourcecode.swift; path = TimeTableDisplaying.swift; sourceTree = "<group>"; };
		8B38A1B3260D137200CA01A0 /* TimeTablePresentation.swift */ = {isa = PBXFileReference; lastKnownFileType = sourcecode.swift; path = TimeTablePresentation.swift; sourceTree = "<group>"; };
		8B38A1B7260D13B900CA01A0 /* TimeTablePresenter.swift */ = {isa = PBXFileReference; lastKnownFileType = sourcecode.swift; path = TimeTablePresenter.swift; sourceTree = "<group>"; };
		8B38A1BB260D13DD00CA01A0 /* TimeTableInteractor.swift */ = {isa = PBXFileReference; lastKnownFileType = sourcecode.swift; path = TimeTableInteractor.swift; sourceTree = "<group>"; };
		8B38A1BF260D13F600CA01A0 /* TimeTableInteractorInterface.swift */ = {isa = PBXFileReference; lastKnownFileType = sourcecode.swift; path = TimeTableInteractorInterface.swift; sourceTree = "<group>"; };
		8B38A1C3260D140200CA01A0 /* TimeTableInteractorOutput.swift */ = {isa = PBXFileReference; lastKnownFileType = sourcecode.swift; path = TimeTableInteractorOutput.swift; sourceTree = "<group>"; };
		8B38A1C7260D148000CA01A0 /* TimeTableRouting.swift */ = {isa = PBXFileReference; lastKnownFileType = sourcecode.swift; path = TimeTableRouting.swift; sourceTree = "<group>"; };
		8B38A1CB260D14AE00CA01A0 /* TimeTableRouter.swift */ = {isa = PBXFileReference; lastKnownFileType = sourcecode.swift; path = TimeTableRouter.swift; sourceTree = "<group>"; };
		8B38A1D7260D16E600CA01A0 /* TimeTablePatient.swift */ = {isa = PBXFileReference; lastKnownFileType = sourcecode.swift; path = TimeTablePatient.swift; sourceTree = "<group>"; };
		8B41FE7E261E3D4B009ED53E /* TimeTableCellFactory.swift */ = {isa = PBXFileReference; lastKnownFileType = sourcecode.swift; path = TimeTableCellFactory.swift; sourceTree = "<group>"; };
		8B4942692625790B00275057 /* TimeTableCell.swift */ = {isa = PBXFileReference; lastKnownFileType = sourcecode.swift; path = TimeTableCell.swift; sourceTree = "<group>"; };
		8B576BA62624ADEF0013E62E /* DoctorSectionPlaceholder.swift */ = {isa = PBXFileReference; lastKnownFileType = sourcecode.swift; path = DoctorSectionPlaceholder.swift; sourceTree = "<group>"; };
		8B62D61B2615C57A006A78F4 /* TimeTableBuilder.swift */ = {isa = PBXFileReference; lastKnownFileType = sourcecode.swift; path = TimeTableBuilder.swift; sourceTree = "<group>"; };
		8B62D6232615CB7A006A78F4 /* DatePickerHeader.swift */ = {isa = PBXFileReference; lastKnownFileType = sourcecode.swift; path = DatePickerHeader.swift; sourceTree = "<group>"; };
		8B62D6272615ECC7006A78F4 /* CallButtonFooter.swift */ = {isa = PBXFileReference; lastKnownFileType = sourcecode.swift; path = CallButtonFooter.swift; sourceTree = "<group>"; };
		8B6B0F86261CA56700F416D1 /* TimeTableAction.swift */ = {isa = PBXFileReference; lastKnownFileType = sourcecode.swift; path = TimeTableAction.swift; sourceTree = "<group>"; };
		8B6E9DAE2621B0D900DD2631 /* ActionListBackgroundDecorationView.swift */ = {isa = PBXFileReference; lastKnownFileType = sourcecode.swift; path = ActionListBackgroundDecorationView.swift; sourceTree = "<group>"; };
		8B733D0D256878070082784E /* TimeTableDataManager.swift */ = {isa = PBXFileReference; lastKnownFileType = sourcecode.swift; path = TimeTableDataManager.swift; sourceTree = "<group>"; };
		8B733D14256934BB0082784E /* schedules.json */ = {isa = PBXFileReference; fileEncoding = 4; lastKnownFileType = text.json; path = schedules.json; sourceTree = "<group>"; };
		8B843667256DB0D1006057EF /* Doctor.swift */ = {isa = PBXFileReference; lastKnownFileType = sourcecode.swift; path = Doctor.swift; sourceTree = "<group>"; };
		8B84366A256DB126006057EF /* Person.swift */ = {isa = PBXFileReference; lastKnownFileType = sourcecode.swift; path = Person.swift; sourceTree = "<group>"; };
		8B95FA282624CF5E007DAF9D /* DoctorPlaceholder.swift */ = {isa = PBXFileReference; lastKnownFileType = sourcecode.swift; path = DoctorPlaceholder.swift; sourceTree = "<group>"; };
		8BA602F8260DA36700DF686B /* DoctorCell.swift */ = {isa = PBXFileReference; lastKnownFileType = sourcecode.swift; path = DoctorCell.swift; sourceTree = "<group>"; };
		8BA60308260DDBCA00DF686B /* PatientCell.swift */ = {isa = PBXFileReference; lastKnownFileType = sourcecode.swift; path = PatientCell.swift; sourceTree = "<group>"; };
		8BA6030C260DDF8300DF686B /* TimeTablePatientView.swift */ = {isa = PBXFileReference; lastKnownFileType = sourcecode.swift; path = TimeTablePatientView.swift; sourceTree = "<group>"; };
		8BADB06F261623DF00DEC3AC /* TimeTableCollectionViewLayout.swift */ = {isa = PBXFileReference; lastKnownFileType = sourcecode.swift; path = TimeTableCollectionViewLayout.swift; sourceTree = "<group>"; };
		8BBEEF31261C968700A06B2D /* ActionListCell.swift */ = {isa = PBXFileReference; lastKnownFileType = sourcecode.swift; path = ActionListCell.swift; sourceTree = "<group>"; };
		8BCAB7962559D4A4001A93D0 /* ClinicAdministration.app */ = {isa = PBXFileReference; explicitFileType = wrapper.application; includeInIndex = 0; path = ClinicAdministration.app; sourceTree = BUILT_PRODUCTS_DIR; };
		8BCAB7992559D4A4001A93D0 /* AppDelegate.swift */ = {isa = PBXFileReference; lastKnownFileType = sourcecode.swift; path = AppDelegate.swift; sourceTree = "<group>"; };
		8BCAB79B2559D4A4001A93D0 /* SceneDelegate.swift */ = {isa = PBXFileReference; lastKnownFileType = sourcecode.swift; path = SceneDelegate.swift; sourceTree = "<group>"; };
		8BCAB7A22559D4A5001A93D0 /* Assets.xcassets */ = {isa = PBXFileReference; lastKnownFileType = folder.assetcatalog; path = Assets.xcassets; sourceTree = "<group>"; };
		8BCAB7A72559D4A5001A93D0 /* Info.plist */ = {isa = PBXFileReference; lastKnownFileType = text.plist.xml; path = Info.plist; sourceTree = "<group>"; };
		8BCAB7B12559D564001A93D0 /* GraphicTimeTableViewController.swift */ = {isa = PBXFileReference; lastKnownFileType = sourcecode.swift; path = GraphicTimeTableViewController.swift; sourceTree = "<group>"; };
		8BCAB7BA2559D5EF001A93D0 /* GraphicTableView.swift */ = {isa = PBXFileReference; lastKnownFileType = sourcecode.swift; path = GraphicTableView.swift; sourceTree = "<group>"; };
		8BCAB7BD2559D608001A93D0 /* DoctorScheduleView.swift */ = {isa = PBXFileReference; lastKnownFileType = sourcecode.swift; path = DoctorScheduleView.swift; sourceTree = "<group>"; };
		8BCAB7C02559D618001A93D0 /* DoctorSchedule.swift */ = {isa = PBXFileReference; lastKnownFileType = sourcecode.swift; path = DoctorSchedule.swift; sourceTree = "<group>"; };
		8BCAB7C82559DC9C001A93D0 /* Roboto-Light.ttf */ = {isa = PBXFileReference; lastKnownFileType = file; path = "Roboto-Light.ttf"; sourceTree = "<group>"; };
		8BCAB7C92559DC9C001A93D0 /* Roboto-Thin.ttf */ = {isa = PBXFileReference; lastKnownFileType = file; path = "Roboto-Thin.ttf"; sourceTree = "<group>"; };
		8BCAB7CB2559DC9C001A93D0 /* Roboto-Regular.ttf */ = {isa = PBXFileReference; lastKnownFileType = file; path = "Roboto-Regular.ttf"; sourceTree = "<group>"; };
		8BCAB7CD2559DC9C001A93D0 /* Roboto-Medium.ttf */ = {isa = PBXFileReference; lastKnownFileType = file; path = "Roboto-Medium.ttf"; sourceTree = "<group>"; };
		8BCAB7CF2559DC9C001A93D0 /* Roboto-Black.ttf */ = {isa = PBXFileReference; lastKnownFileType = file; path = "Roboto-Black.ttf"; sourceTree = "<group>"; };
		8BCAB7D22559DC9C001A93D0 /* Roboto-Bold.ttf */ = {isa = PBXFileReference; lastKnownFileType = file; path = "Roboto-Bold.ttf"; sourceTree = "<group>"; };
		8BE26CE92616A9D800B65513 /* PatientSectionBackgroundDecorationView.swift */ = {isa = PBXFileReference; lastKnownFileType = sourcecode.swift; path = PatientSectionBackgroundDecorationView.swift; sourceTree = "<group>"; };
		8BFE342725B378150058F42F /* ClinicAdministrationTests.xctest */ = {isa = PBXFileReference; explicitFileType = wrapper.cfbundle; includeInIndex = 0; path = ClinicAdministrationTests.xctest; sourceTree = BUILT_PRODUCTS_DIR; };
		8BFE342925B378150058F42F /* ClinicAdministrationTests.swift */ = {isa = PBXFileReference; lastKnownFileType = sourcecode.swift; path = ClinicAdministrationTests.swift; sourceTree = "<group>"; };
		8BFE342B25B378150058F42F /* Info.plist */ = {isa = PBXFileReference; lastKnownFileType = text.plist.xml; path = Info.plist; sourceTree = "<group>"; };
/* End PBXFileReference section */

/* Begin PBXFrameworksBuildPhase section */
		8BCAB7932559D4A4001A93D0 /* Frameworks */ = {
			isa = PBXFrameworksBuildPhase;
			buildActionMask = 2147483647;
			files = (
				8B20CE4A262998B60007C20A /* HorizonCalendar in Frameworks */,
			);
			runOnlyForDeploymentPostprocessing = 0;
		};
		8BFE342425B378150058F42F /* Frameworks */ = {
			isa = PBXFrameworksBuildPhase;
			buildActionMask = 2147483647;
			files = (
			);
			runOnlyForDeploymentPostprocessing = 0;
		};
/* End PBXFrameworksBuildPhase section */

/* Begin PBXGroup section */
		8B0F5BC9255D49F400894410 /* Types */ = {
			isa = PBXGroup;
			children = (
				8BCAB7C02559D618001A93D0 /* DoctorSchedule.swift */,
				8B733D0D256878070082784E /* TimeTableDataManager.swift */,
				8B843667256DB0D1006057EF /* Doctor.swift */,
				8B84366A256DB126006057EF /* Person.swift */,
			);
			path = Types;
			sourceTree = "<group>";
		};
		8B10E3772625CD5800476862 /* View */ = {
			isa = PBXGroup;
			children = (
				8BCAB7B12559D564001A93D0 /* GraphicTimeTableViewController.swift */,
				8B10E3812625CEFB00476862 /* GraphicTimeTableDisplaying.swift */,
				8B10E3952625D0B100476862 /* Subviews */,
			);
			path = View;
			sourceTree = "<group>";
		};
		8B10E3782625CD6900476862 /* Presenter */ = {
			isa = PBXGroup;
			children = (
				8B10E3872625CF4200476862 /* GraphicTimeTablePresenter.swift */,
				8B10E38B2625CFBB00476862 /* GraphicTimeTablePresentation.swift */,
			);
			path = Presenter;
			sourceTree = "<group>";
		};
		8B10E3792625CD7200476862 /* Interactor */ = {
			isa = PBXGroup;
			children = (
				8B10E3912625D04A00476862 /* GraphicTimeTableInteractor.swift */,
				8B10E3982625D11000476862 /* GraphicTimeTableInteractorInterface.swift */,
				8B10E39C2625D18000476862 /* GraphicTimeTableInteractorOutput.swift */,
			);
			path = Interactor;
			sourceTree = "<group>";
		};
		8B10E37A2625CD7900476862 /* Router */ = {
			isa = PBXGroup;
			children = (
				8B10E3A02625D1E000476862 /* GraphicTimeTableRouter.swift */,
				8B10E3A42625D24700476862 /* GraphicTimeTableRouting.swift */,
			);
			path = Router;
			sourceTree = "<group>";
		};
		8B10E3952625D0B100476862 /* Subviews */ = {
			isa = PBXGroup;
			children = (
				8BCAB7BA2559D5EF001A93D0 /* GraphicTableView.swift */,
				8B29219D257930630058B51E /* TimelineView.swift */,
				8BCAB7BD2559D608001A93D0 /* DoctorScheduleView.swift */,
			);
			path = Subviews;
			sourceTree = "<group>";
		};
		8B188985259CCA55000B0077 /* Settings */ = {
			isa = PBXGroup;
			children = (
				8B188982259CCA4E000B0077 /* Settings.swift */,
			);
			path = Settings;
			sourceTree = "<group>";
		};
		8B20CE0026298DCE0007C20A /* Coordinators */ = {
			isa = PBXGroup;
			children = (
				8B20CE0326298F630007C20A /* Coordinator.swift */,
				8B20CE0726298FCE0007C20A /* MainCoordinator.swift */,
			);
			path = Coordinators;
			sourceTree = "<group>";
		};
		8B20CE0D262995910007C20A /* ReusableViews */ = {
			isa = PBXGroup;
			children = (
				8B20CE14262996C00007C20A /* DatePicker */,
			);
			path = ReusableViews;
			sourceTree = "<group>";
		};
		8B20CE14262996C00007C20A /* DatePicker */ = {
			isa = PBXGroup;
			children = (
				8B20CE0E262995FA0007C20A /* DatePicker.swift */,
			);
			path = DatePicker;
			sourceTree = "<group>";
		};
		8B20CE15262996D90007C20A /* Calendar */ = {
			isa = PBXGroup;
			children = (
				8B20CE40262997EF0007C20A /* CalendarBuilder.swift */,
				8B20CE1E2629977B0007C20A /* View */,
				8B20CE30262997BC0007C20A /* Presenter */,
				8B20CE37262997D60007C20A /* Router */,
			);
			path = Calendar;
			sourceTree = "<group>";
		};
		8B20CE1E2629977B0007C20A /* View */ = {
			isa = PBXGroup;
			children = (
				8B20CE22262997A70007C20A /* CalendarViewController.swift */,
				8B20CE1F2629978B0007C20A /* Subviews */,
			);
			path = View;
			sourceTree = "<group>";
		};
		8B20CE1F2629978B0007C20A /* Subviews */ = {
			isa = PBXGroup;
			children = (
				8B20CE28262997B30007C20A /* ConfirmationView.swift */,
				8B20CE27262997B30007C20A /* DayLabel.swift */,
				8B20CE29262997B30007C20A /* DayOfWeekRow.swift */,
				8B20CE26262997B30007C20A /* MonthHeader.swift */,
			);
			path = Subviews;
			sourceTree = "<group>";
		};
		8B20CE30262997BC0007C20A /* Presenter */ = {
			isa = PBXGroup;
			children = (
				8B20CE32262997D00007C20A /* CalendarPresentation.swift */,
				8B20CE31262997D00007C20A /* CalendarPresenter.swift */,
			);
			path = Presenter;
			sourceTree = "<group>";
		};
		8B20CE37262997D60007C20A /* Router */ = {
			isa = PBXGroup;
			children = (
				8B20CE38262997E40007C20A /* CalendarRouter.swift */,
				8B20CE3A262997E40007C20A /* CalendarRouterOutput.swift */,
				8B20CE39262997E40007C20A /* CalendarRouting.swift */,
			);
			path = Router;
			sourceTree = "<group>";
		};
		8B20CE4F2629993C0007C20A /* Design */ = {
			isa = PBXGroup;
			children = (
				8B20CE522629995C0007C20A /* Design.swift */,
				8BCAB7C72559DC72001A93D0 /* Fonts */,
			);
			path = Design;
			sourceTree = "<group>";
		};
		8B20CE58262999710007C20A /* Extensions */ = {
			isa = PBXGroup;
			children = (
				8B20CE5B2629998F0007C20A /* Bundle-Decodable.swift */,
				8B20CE5C2629998F0007C20A /* DateFormatterExtension.swift */,
			);
			path = Extensions;
			sourceTree = "<group>";
		};
		8B38A1A3260D12B600CA01A0 /* TimeTableScreen */ = {
			isa = PBXGroup;
			children = (
				8B62D61B2615C57A006A78F4 /* TimeTableBuilder.swift */,
				8B38A1A4260D12C200CA01A0 /* View */,
				8B38A1A5260D12CA00CA01A0 /* Presenter */,
				8B38A1A6260D12D300CA01A0 /* Interactor */,
				8B38A1A7260D12E100CA01A0 /* Router */,
				8B38A1A8260D12E900CA01A0 /* Entities */,
			);
			path = TimeTableScreen;
			sourceTree = "<group>";
		};
		8B38A1A4260D12C200CA01A0 /* View */ = {
			isa = PBXGroup;
			children = (
				8B38A1A9260D133500CA01A0 /* TimeTableViewController.swift */,
				8B38A1AF260D136500CA01A0 /* TimeTableDisplaying.swift */,
				8B62D62B2615EDA7006A78F4 /* CollectionView Items */,
			);
			path = View;
			sourceTree = "<group>";
		};
		8B38A1A5260D12CA00CA01A0 /* Presenter */ = {
			isa = PBXGroup;
			children = (
				8B38A1B3260D137200CA01A0 /* TimeTablePresentation.swift */,
				8B38A1B7260D13B900CA01A0 /* TimeTablePresenter.swift */,
			);
			path = Presenter;
			sourceTree = "<group>";
		};
		8B38A1A6260D12D300CA01A0 /* Interactor */ = {
			isa = PBXGroup;
			children = (
				8B38A1BB260D13DD00CA01A0 /* TimeTableInteractor.swift */,
				8B38A1BF260D13F600CA01A0 /* TimeTableInteractorInterface.swift */,
				8B38A1C3260D140200CA01A0 /* TimeTableInteractorOutput.swift */,
			);
			path = Interactor;
			sourceTree = "<group>";
		};
		8B38A1A7260D12E100CA01A0 /* Router */ = {
			isa = PBXGroup;
			children = (
				8B38A1C7260D148000CA01A0 /* TimeTableRouting.swift */,
				8B38A1CB260D14AE00CA01A0 /* TimeTableRouter.swift */,
			);
			path = Router;
			sourceTree = "<group>";
		};
		8B38A1A8260D12E900CA01A0 /* Entities */ = {
			isa = PBXGroup;
			children = (
			);
			path = Entities;
			sourceTree = "<group>";
		};
		8B494268262578FB00275057 /* Interfaces */ = {
			isa = PBXGroup;
			children = (
				8B4942692625790B00275057 /* TimeTableCell.swift */,
			);
			path = Interfaces;
			sourceTree = "<group>";
		};
		8B56D54F261FAC5400389955 /* Cells */ = {
			isa = PBXGroup;
			children = (
				8B494268262578FB00275057 /* Interfaces */,
				8BA602F8260DA36700DF686B /* DoctorCell.swift */,
				8BA60308260DDBCA00DF686B /* PatientCell.swift */,
				8BA6030C260DDF8300DF686B /* TimeTablePatientView.swift */,
				8BBEEF31261C968700A06B2D /* ActionListCell.swift */,
				8B95FA282624CF5E007DAF9D /* DoctorPlaceholder.swift */,
			);
			path = Cells;
			sourceTree = "<group>";
		};
		8B56D550261FAC7600389955 /* Supplementaries */ = {
			isa = PBXGroup;
			children = (
				8B0E46F72618F0D60035CF6D /* DoctorLeadingHeader.swift */,
				8B62D6232615CB7A006A78F4 /* DatePickerHeader.swift */,
				8BE26CE92616A9D800B65513 /* PatientSectionBackgroundDecorationView.swift */,
				8B6E9DAE2621B0D900DD2631 /* ActionListBackgroundDecorationView.swift */,
				8B62D6272615ECC7006A78F4 /* CallButtonFooter.swift */,
			);
			path = Supplementaries;
			sourceTree = "<group>";
		};
		8B5D15B82627561F003450F6 /* Modules */ = {
			isa = PBXGroup;
			children = (
				8B20CE15262996D90007C20A /* Calendar */,
				8BCAB7B42559D56A001A93D0 /* GraphicTimeTableScreen */,
				8B38A1A3260D12B600CA01A0 /* TimeTableScreen */,
			);
			path = Modules;
			sourceTree = "<group>";
		};
		8B62D62B2615EDA7006A78F4 /* CollectionView Items */ = {
			isa = PBXGroup;
			children = (
				8B41FE7E261E3D4B009ED53E /* TimeTableCellFactory.swift */,
				8BADB06F261623DF00DEC3AC /* TimeTableCollectionViewLayout.swift */,
				8B56D550261FAC7600389955 /* Supplementaries */,
				8B56D54F261FAC5400389955 /* Cells */,
				8B6B0F85261CA54C00F416D1 /* Models */,
			);
			path = "CollectionView Items";
			sourceTree = "<group>";
		};
		8B6B0F85261CA54C00F416D1 /* Models */ = {
			isa = PBXGroup;
			children = (
				8B38A1D7260D16E600CA01A0 /* TimeTablePatient.swift */,
				8B6B0F86261CA56700F416D1 /* TimeTableAction.swift */,
				8B576BA62624ADEF0013E62E /* DoctorSectionPlaceholder.swift */,
			);
			path = Models;
			sourceTree = "<group>";
		};
		8BCAB78D2559D4A4001A93D0 = {
			isa = PBXGroup;
			children = (
				8BCAB7982559D4A4001A93D0 /* ClinicAdministration */,
				8BFE342825B378150058F42F /* ClinicAdministrationTests */,
				8BCAB7972559D4A4001A93D0 /* Products */,
			);
			sourceTree = "<group>";
		};
		8BCAB7972559D4A4001A93D0 /* Products */ = {
			isa = PBXGroup;
			children = (
				8BCAB7962559D4A4001A93D0 /* ClinicAdministration.app */,
				8BFE342725B378150058F42F /* ClinicAdministrationTests.xctest */,
			);
			name = Products;
			sourceTree = "<group>";
		};
		8BCAB7982559D4A4001A93D0 /* ClinicAdministration */ = {
			isa = PBXGroup;
			children = (
				8BCAB7AF2559D4D5001A93D0 /* Application */,
				8B20CE0026298DCE0007C20A /* Coordinators */,
				8B5D15B82627561F003450F6 /* Modules */,
				8B20CE0D262995910007C20A /* ReusableViews */,
				8B20CE58262999710007C20A /* Extensions */,
				8B20CE4F2629993C0007C20A /* Design */,
				8B188985259CCA55000B0077 /* Settings */,
				8B0F5BC9255D49F400894410 /* Types */,
				8BCAB7A72559D4A5001A93D0 /* Info.plist */,
				8B733D14256934BB0082784E /* schedules.json */,
			);
			path = ClinicAdministration;
			sourceTree = "<group>";
		};
		8BCAB7AF2559D4D5001A93D0 /* Application */ = {
			isa = PBXGroup;
			children = (
				8BCAB7992559D4A4001A93D0 /* AppDelegate.swift */,
				8BCAB79B2559D4A4001A93D0 /* SceneDelegate.swift */,
				8BCAB7A22559D4A5001A93D0 /* Assets.xcassets */,
			);
			path = Application;
			sourceTree = "<group>";
		};
		8BCAB7B42559D56A001A93D0 /* GraphicTimeTableScreen */ = {
			isa = PBXGroup;
			children = (
				8B10E37B2625CD9C00476862 /* GraphicTimeTableBuilder.swift */,
				8B10E3772625CD5800476862 /* View */,
				8B10E3782625CD6900476862 /* Presenter */,
				8B10E3792625CD7200476862 /* Interactor */,
				8B10E37A2625CD7900476862 /* Router */,
			);
			path = GraphicTimeTableScreen;
			sourceTree = "<group>";
		};
		8BCAB7C72559DC72001A93D0 /* Fonts */ = {
			isa = PBXGroup;
			children = (
				8BCAB7CF2559DC9C001A93D0 /* Roboto-Black.ttf */,
				8BCAB7D22559DC9C001A93D0 /* Roboto-Bold.ttf */,
				8BCAB7C82559DC9C001A93D0 /* Roboto-Light.ttf */,
				8BCAB7CD2559DC9C001A93D0 /* Roboto-Medium.ttf */,
				8BCAB7CB2559DC9C001A93D0 /* Roboto-Regular.ttf */,
				8BCAB7C92559DC9C001A93D0 /* Roboto-Thin.ttf */,
			);
			path = Fonts;
			sourceTree = "<group>";
		};
		8BFE342825B378150058F42F /* ClinicAdministrationTests */ = {
			isa = PBXGroup;
			children = (
				8BFE342925B378150058F42F /* ClinicAdministrationTests.swift */,
				8BFE342B25B378150058F42F /* Info.plist */,
			);
			path = ClinicAdministrationTests;
			sourceTree = "<group>";
		};
/* End PBXGroup section */

/* Begin PBXNativeTarget section */
		8BCAB7952559D4A4001A93D0 /* ClinicAdministration */ = {
			isa = PBXNativeTarget;
			buildConfigurationList = 8BCAB7AA2559D4A5001A93D0 /* Build configuration list for PBXNativeTarget "ClinicAdministration" */;
			buildPhases = (
				8B8FEB9725BA1B6F003517CA /* SwiftLint */,
				8BCAB7922559D4A4001A93D0 /* Sources */,
				8BCAB7932559D4A4001A93D0 /* Frameworks */,
				8BCAB7942559D4A4001A93D0 /* Resources */,
			);
			buildRules = (
			);
			dependencies = (
			);
			name = ClinicAdministration;
			packageProductDependencies = (
				8B20CE49262998B60007C20A /* HorizonCalendar */,
			);
			productName = "Clinic Administration";
			productReference = 8BCAB7962559D4A4001A93D0 /* ClinicAdministration.app */;
			productType = "com.apple.product-type.application";
		};
		8BFE342625B378150058F42F /* ClinicAdministrationTests */ = {
			isa = PBXNativeTarget;
			buildConfigurationList = 8BFE342E25B378150058F42F /* Build configuration list for PBXNativeTarget "ClinicAdministrationTests" */;
			buildPhases = (
				8BFE342325B378150058F42F /* Sources */,
				8BFE342425B378150058F42F /* Frameworks */,
				8BFE342525B378150058F42F /* Resources */,
			);
			buildRules = (
			);
			dependencies = (
				8BFE342D25B378150058F42F /* PBXTargetDependency */,
			);
			name = ClinicAdministrationTests;
			productName = ClinicAdministrationTests;
			productReference = 8BFE342725B378150058F42F /* ClinicAdministrationTests.xctest */;
			productType = "com.apple.product-type.bundle.unit-test";
		};
/* End PBXNativeTarget section */

/* Begin PBXProject section */
		8BCAB78E2559D4A4001A93D0 /* Project object */ = {
			isa = PBXProject;
			attributes = {
				LastSwiftUpdateCheck = 1230;
				LastUpgradeCheck = 1210;
				TargetAttributes = {
					8BCAB7952559D4A4001A93D0 = {
						CreatedOnToolsVersion = 12.1;
					};
					8BFE342625B378150058F42F = {
						CreatedOnToolsVersion = 12.3;
						TestTargetID = 8BCAB7952559D4A4001A93D0;
					};
				};
			};
			buildConfigurationList = 8BCAB7912559D4A4001A93D0 /* Build configuration list for PBXProject "ClinicAdministration" */;
			compatibilityVersion = "Xcode 9.3";
			developmentRegion = en;
			hasScannedForEncodings = 0;
			knownRegions = (
				en,
				Base,
			);
			mainGroup = 8BCAB78D2559D4A4001A93D0;
			packageReferences = (
				8B20CE48262998B60007C20A /* XCRemoteSwiftPackageReference "HorizonCalendar" */,
			);
			productRefGroup = 8BCAB7972559D4A4001A93D0 /* Products */;
			projectDirPath = "";
			projectRoot = "";
			targets = (
				8BCAB7952559D4A4001A93D0 /* ClinicAdministration */,
				8BFE342625B378150058F42F /* ClinicAdministrationTests */,
			);
		};
/* End PBXProject section */

/* Begin PBXResourcesBuildPhase section */
		8BCAB7942559D4A4001A93D0 /* Resources */ = {
			isa = PBXResourcesBuildPhase;
			buildActionMask = 2147483647;
			files = (
				8BCAB7DE2559DC9C001A93D0 /* Roboto-Bold.ttf in Resources */,
				8BCAB7D72559DC9C001A93D0 /* Roboto-Regular.ttf in Resources */,
				8BCAB7A32559D4A5001A93D0 /* Assets.xcassets in Resources */,
				8BCAB7D42559DC9C001A93D0 /* Roboto-Light.ttf in Resources */,
				8BCAB7DB2559DC9C001A93D0 /* Roboto-Black.ttf in Resources */,
				8BCAB7D52559DC9C001A93D0 /* Roboto-Thin.ttf in Resources */,
				8B733D15256934BB0082784E /* schedules.json in Resources */,
				8BCAB7D92559DC9C001A93D0 /* Roboto-Medium.ttf in Resources */,
			);
			runOnlyForDeploymentPostprocessing = 0;
		};
		8BFE342525B378150058F42F /* Resources */ = {
			isa = PBXResourcesBuildPhase;
			buildActionMask = 2147483647;
			files = (
			);
			runOnlyForDeploymentPostprocessing = 0;
		};
/* End PBXResourcesBuildPhase section */

/* Begin PBXShellScriptBuildPhase section */
		8B8FEB9725BA1B6F003517CA /* SwiftLint */ = {
			isa = PBXShellScriptBuildPhase;
			buildActionMask = 2147483647;
			files = (
			);
			inputFileListPaths = (
			);
			inputPaths = (
			);
			name = SwiftLint;
			outputFileListPaths = (
			);
			outputPaths = (
			);
			runOnlyForDeploymentPostprocessing = 0;
			shellPath = /bin/sh;
			shellScript = "if which swiftlint >/dev/null; then\n  swiftlint\nelse\n  echo \"warning: SwiftLint not installed, download from https://github.com/realm/SwiftLint\"\nfi\n";
		};
/* End PBXShellScriptBuildPhase section */

/* Begin PBXSourcesBuildPhase section */
		8BCAB7922559D4A4001A93D0 /* Sources */ = {
			isa = PBXSourcesBuildPhase;
			buildActionMask = 2147483647;
			files = (
				8BA6030D260DDF8300DF686B /* TimeTablePatientView.swift in Sources */,
				8B20CE5D2629998F0007C20A /* Bundle-Decodable.swift in Sources */,
				8B20CE5E2629998F0007C20A /* DateFormatterExtension.swift in Sources */,
				8B62D6242615CB7A006A78F4 /* DatePickerHeader.swift in Sources */,
				8B20CE0426298F630007C20A /* Coordinator.swift in Sources */,
				8B20CE3D262997E40007C20A /* CalendarRouterOutput.swift in Sources */,
				8BE26CEA2616A9D800B65513 /* PatientSectionBackgroundDecorationView.swift in Sources */,
				8B733D0E256878070082784E /* TimeTableDataManager.swift in Sources */,
				8B0E46F82618F0D60035CF6D /* DoctorLeadingHeader.swift in Sources */,
				8B38A1B0260D136500CA01A0 /* TimeTableDisplaying.swift in Sources */,
				8B38A1B8260D13B900CA01A0 /* TimeTablePresenter.swift in Sources */,
				8B20CE41262997EF0007C20A /* CalendarBuilder.swift in Sources */,
				8B20CE33262997D00007C20A /* CalendarPresenter.swift in Sources */,
				8B95FA292624CF5E007DAF9D /* DoctorPlaceholder.swift in Sources */,
				8B6B0F87261CA56700F416D1 /* TimeTableAction.swift in Sources */,
				8B38A1AA260D133500CA01A0 /* TimeTableViewController.swift in Sources */,
				8B20CE3B262997E40007C20A /* CalendarRouter.swift in Sources */,
				8BCAB7BE2559D608001A93D0 /* DoctorScheduleView.swift in Sources */,
				8BBEEF32261C968700A06B2D /* ActionListCell.swift in Sources */,
				8B38A1C8260D148000CA01A0 /* TimeTableRouting.swift in Sources */,
				8B10E3922625D04A00476862 /* GraphicTimeTableInteractor.swift in Sources */,
				8B62D6282615ECC7006A78F4 /* CallButtonFooter.swift in Sources */,
				8B10E3992625D11000476862 /* GraphicTimeTableInteractorInterface.swift in Sources */,
				8B6E9DAF2621B0D900DD2631 /* ActionListBackgroundDecorationView.swift in Sources */,
				8B38A1B4260D137200CA01A0 /* TimeTablePresentation.swift in Sources */,
				8B38A1CC260D14AE00CA01A0 /* TimeTableRouter.swift in Sources */,
				8B20CE2D262997B30007C20A /* DayOfWeekRow.swift in Sources */,
				8B10E3A52625D24700476862 /* GraphicTimeTableRouting.swift in Sources */,
				8B10E3882625CF4200476862 /* GraphicTimeTablePresenter.swift in Sources */,
				8BCAB7BB2559D5EF001A93D0 /* GraphicTableView.swift in Sources */,
				8BCAB7C12559D618001A93D0 /* DoctorSchedule.swift in Sources */,
				8B10E3822625CEFB00476862 /* GraphicTimeTableDisplaying.swift in Sources */,
				8B20CE0826298FCE0007C20A /* MainCoordinator.swift in Sources */,
				8B38A1D8260D16E600CA01A0 /* TimeTablePatient.swift in Sources */,
				8B10E39D2625D18000476862 /* GraphicTimeTableInteractorOutput.swift in Sources */,
				8BCAB79A2559D4A4001A93D0 /* AppDelegate.swift in Sources */,
				8B20CE0F262995FA0007C20A /* DatePicker.swift in Sources */,
				8B20CE23262997A70007C20A /* CalendarViewController.swift in Sources */,
				8BADB070261623DF00DEC3AC /* TimeTableCollectionViewLayout.swift in Sources */,
				8B10E3A12625D1E000476862 /* GraphicTimeTableRouter.swift in Sources */,
				8B84366B256DB126006057EF /* Person.swift in Sources */,
				8B38A1C0260D13F600CA01A0 /* TimeTableInteractorInterface.swift in Sources */,
				8BA602F9260DA36700DF686B /* DoctorCell.swift in Sources */,
				8B576BA72624ADEF0013E62E /* DoctorSectionPlaceholder.swift in Sources */,
				8B10E37C2625CD9C00476862 /* GraphicTimeTableBuilder.swift in Sources */,
				8B29219E257930630058B51E /* TimelineView.swift in Sources */,
				8B20CE2A262997B30007C20A /* MonthHeader.swift in Sources */,
				8B49426A2625790B00275057 /* TimeTableCell.swift in Sources */,
				8B20CE2C262997B30007C20A /* ConfirmationView.swift in Sources */,
				8B843668256DB0D1006057EF /* Doctor.swift in Sources */,
				8BCAB79C2559D4A4001A93D0 /* SceneDelegate.swift in Sources */,
				8B20CE2B262997B30007C20A /* DayLabel.swift in Sources */,
				8BCAB7B22559D564001A93D0 /* GraphicTimeTableViewController.swift in Sources */,
				8BA60309260DDBCA00DF686B /* PatientCell.swift in Sources */,
				8B20CE3C262997E40007C20A /* CalendarRouting.swift in Sources */,
				8B41FE7F261E3D4B009ED53E /* TimeTableCellFactory.swift in Sources */,
				8B20CE532629995C0007C20A /* Design.swift in Sources */,
				8B62D61C2615C57A006A78F4 /* TimeTableBuilder.swift in Sources */,
				8B20CE34262997D00007C20A /* CalendarPresentation.swift in Sources */,
				8B10E38C2625CFBB00476862 /* GraphicTimeTablePresentation.swift in Sources */,
				8B38A1BC260D13DD00CA01A0 /* TimeTableInteractor.swift in Sources */,
				8B38A1C4260D140200CA01A0 /* TimeTableInteractorOutput.swift in Sources */,
				8B188983259CCA4E000B0077 /* Settings.swift in Sources */,
			);
			runOnlyForDeploymentPostprocessing = 0;
		};
		8BFE342325B378150058F42F /* Sources */ = {
			isa = PBXSourcesBuildPhase;
			buildActionMask = 2147483647;
			files = (
				8BFE342A25B378150058F42F /* ClinicAdministrationTests.swift in Sources */,
			);
			runOnlyForDeploymentPostprocessing = 0;
		};
/* End PBXSourcesBuildPhase section */

/* Begin PBXTargetDependency section */
		8BFE342D25B378150058F42F /* PBXTargetDependency */ = {
			isa = PBXTargetDependency;
			target = 8BCAB7952559D4A4001A93D0 /* ClinicAdministration */;
			targetProxy = 8BFE342C25B378150058F42F /* PBXContainerItemProxy */;
		};
/* End PBXTargetDependency section */

/* Begin XCBuildConfiguration section */
		8BCAB7A82559D4A5001A93D0 /* Debug */ = {
			isa = XCBuildConfiguration;
			buildSettings = {
				ALWAYS_SEARCH_USER_PATHS = NO;
				CLANG_ANALYZER_NONNULL = YES;
				CLANG_ANALYZER_NUMBER_OBJECT_CONVERSION = YES_AGGRESSIVE;
				CLANG_CXX_LANGUAGE_STANDARD = "gnu++14";
				CLANG_CXX_LIBRARY = "libc++";
				CLANG_ENABLE_MODULES = YES;
				CLANG_ENABLE_OBJC_ARC = YES;
				CLANG_ENABLE_OBJC_WEAK = YES;
				CLANG_WARN_BLOCK_CAPTURE_AUTORELEASING = YES;
				CLANG_WARN_BOOL_CONVERSION = YES;
				CLANG_WARN_COMMA = YES;
				CLANG_WARN_CONSTANT_CONVERSION = YES;
				CLANG_WARN_DEPRECATED_OBJC_IMPLEMENTATIONS = YES;
				CLANG_WARN_DIRECT_OBJC_ISA_USAGE = YES_ERROR;
				CLANG_WARN_DOCUMENTATION_COMMENTS = YES;
				CLANG_WARN_EMPTY_BODY = YES;
				CLANG_WARN_ENUM_CONVERSION = YES;
				CLANG_WARN_INFINITE_RECURSION = YES;
				CLANG_WARN_INT_CONVERSION = YES;
				CLANG_WARN_NON_LITERAL_NULL_CONVERSION = YES;
				CLANG_WARN_OBJC_IMPLICIT_RETAIN_SELF = YES;
				CLANG_WARN_OBJC_LITERAL_CONVERSION = YES;
				CLANG_WARN_OBJC_ROOT_CLASS = YES_ERROR;
				CLANG_WARN_QUOTED_INCLUDE_IN_FRAMEWORK_HEADER = YES;
				CLANG_WARN_RANGE_LOOP_ANALYSIS = YES;
				CLANG_WARN_STRICT_PROTOTYPES = YES;
				CLANG_WARN_SUSPICIOUS_MOVE = YES;
				CLANG_WARN_UNGUARDED_AVAILABILITY = YES_AGGRESSIVE;
				CLANG_WARN_UNREACHABLE_CODE = YES;
				CLANG_WARN__DUPLICATE_METHOD_MATCH = YES;
				COPY_PHASE_STRIP = NO;
				DEBUG_INFORMATION_FORMAT = dwarf;
				ENABLE_STRICT_OBJC_MSGSEND = YES;
				ENABLE_TESTABILITY = YES;
				GCC_C_LANGUAGE_STANDARD = gnu11;
				GCC_DYNAMIC_NO_PIC = NO;
				GCC_NO_COMMON_BLOCKS = YES;
				GCC_OPTIMIZATION_LEVEL = 0;
				GCC_PREPROCESSOR_DEFINITIONS = (
					"DEBUG=1",
					"$(inherited)",
				);
				GCC_WARN_64_TO_32_BIT_CONVERSION = YES;
				GCC_WARN_ABOUT_RETURN_TYPE = YES_ERROR;
				GCC_WARN_UNDECLARED_SELECTOR = YES;
				GCC_WARN_UNINITIALIZED_AUTOS = YES_AGGRESSIVE;
				GCC_WARN_UNUSED_FUNCTION = YES;
				GCC_WARN_UNUSED_VARIABLE = YES;
				IPHONEOS_DEPLOYMENT_TARGET = 13.0;
				MTL_ENABLE_DEBUG_INFO = INCLUDE_SOURCE;
				MTL_FAST_MATH = YES;
				ONLY_ACTIVE_ARCH = YES;
				SDKROOT = iphoneos;
				SWIFT_ACTIVE_COMPILATION_CONDITIONS = DEBUG;
				SWIFT_OPTIMIZATION_LEVEL = "-Onone";
			};
			name = Debug;
		};
		8BCAB7A92559D4A5001A93D0 /* Release */ = {
			isa = XCBuildConfiguration;
			buildSettings = {
				ALWAYS_SEARCH_USER_PATHS = NO;
				CLANG_ANALYZER_NONNULL = YES;
				CLANG_ANALYZER_NUMBER_OBJECT_CONVERSION = YES_AGGRESSIVE;
				CLANG_CXX_LANGUAGE_STANDARD = "gnu++14";
				CLANG_CXX_LIBRARY = "libc++";
				CLANG_ENABLE_MODULES = YES;
				CLANG_ENABLE_OBJC_ARC = YES;
				CLANG_ENABLE_OBJC_WEAK = YES;
				CLANG_WARN_BLOCK_CAPTURE_AUTORELEASING = YES;
				CLANG_WARN_BOOL_CONVERSION = YES;
				CLANG_WARN_COMMA = YES;
				CLANG_WARN_CONSTANT_CONVERSION = YES;
				CLANG_WARN_DEPRECATED_OBJC_IMPLEMENTATIONS = YES;
				CLANG_WARN_DIRECT_OBJC_ISA_USAGE = YES_ERROR;
				CLANG_WARN_DOCUMENTATION_COMMENTS = YES;
				CLANG_WARN_EMPTY_BODY = YES;
				CLANG_WARN_ENUM_CONVERSION = YES;
				CLANG_WARN_INFINITE_RECURSION = YES;
				CLANG_WARN_INT_CONVERSION = YES;
				CLANG_WARN_NON_LITERAL_NULL_CONVERSION = YES;
				CLANG_WARN_OBJC_IMPLICIT_RETAIN_SELF = YES;
				CLANG_WARN_OBJC_LITERAL_CONVERSION = YES;
				CLANG_WARN_OBJC_ROOT_CLASS = YES_ERROR;
				CLANG_WARN_QUOTED_INCLUDE_IN_FRAMEWORK_HEADER = YES;
				CLANG_WARN_RANGE_LOOP_ANALYSIS = YES;
				CLANG_WARN_STRICT_PROTOTYPES = YES;
				CLANG_WARN_SUSPICIOUS_MOVE = YES;
				CLANG_WARN_UNGUARDED_AVAILABILITY = YES_AGGRESSIVE;
				CLANG_WARN_UNREACHABLE_CODE = YES;
				CLANG_WARN__DUPLICATE_METHOD_MATCH = YES;
				COPY_PHASE_STRIP = NO;
				DEBUG_INFORMATION_FORMAT = "dwarf-with-dsym";
				ENABLE_NS_ASSERTIONS = NO;
				ENABLE_STRICT_OBJC_MSGSEND = YES;
				GCC_C_LANGUAGE_STANDARD = gnu11;
				GCC_NO_COMMON_BLOCKS = YES;
				GCC_WARN_64_TO_32_BIT_CONVERSION = YES;
				GCC_WARN_ABOUT_RETURN_TYPE = YES_ERROR;
				GCC_WARN_UNDECLARED_SELECTOR = YES;
				GCC_WARN_UNINITIALIZED_AUTOS = YES_AGGRESSIVE;
				GCC_WARN_UNUSED_FUNCTION = YES;
				GCC_WARN_UNUSED_VARIABLE = YES;
				IPHONEOS_DEPLOYMENT_TARGET = 13.0;
				MTL_ENABLE_DEBUG_INFO = NO;
				MTL_FAST_MATH = YES;
				SDKROOT = iphoneos;
				SWIFT_COMPILATION_MODE = wholemodule;
				SWIFT_OPTIMIZATION_LEVEL = "-O";
				VALIDATE_PRODUCT = YES;
			};
			name = Release;
		};
		8BCAB7AB2559D4A5001A93D0 /* Debug */ = {
			isa = XCBuildConfiguration;
			buildSettings = {
				ASSETCATALOG_COMPILER_APPICON_NAME = AppIcon;
				ASSETCATALOG_COMPILER_GLOBAL_ACCENT_COLOR_NAME = AccentColor;
				CODE_SIGN_STYLE = Automatic;
				DEVELOPMENT_TEAM = WQ6FU7ZZ8T;
				FRAMEWORK_SEARCH_PATHS = "";
				INFOPLIST_FILE = "$(SRCROOT)/ClinicAdministration/Info.plist";
				IPHONEOS_DEPLOYMENT_TARGET = 13.0;
				LD_RUNPATH_SEARCH_PATHS = (
					"$(inherited)",
					"@executable_path/Frameworks",
				);
				PRODUCT_BUNDLE_IDENTIFIER = "qq.Clinic-Administration";
				PRODUCT_NAME = "$(TARGET_NAME)";
				SWIFT_VERSION = 5.0;
				TARGETED_DEVICE_FAMILY = 1;
			};
			name = Debug;
		};
		8BCAB7AC2559D4A5001A93D0 /* Release */ = {
			isa = XCBuildConfiguration;
			buildSettings = {
				ASSETCATALOG_COMPILER_APPICON_NAME = AppIcon;
				ASSETCATALOG_COMPILER_GLOBAL_ACCENT_COLOR_NAME = AccentColor;
				CODE_SIGN_STYLE = Automatic;
				DEVELOPMENT_TEAM = WQ6FU7ZZ8T;
				FRAMEWORK_SEARCH_PATHS = "";
				INFOPLIST_FILE = "$(SRCROOT)/ClinicAdministration/Info.plist";
				IPHONEOS_DEPLOYMENT_TARGET = 13.0;
				LD_RUNPATH_SEARCH_PATHS = (
					"$(inherited)",
					"@executable_path/Frameworks",
				);
				PRODUCT_BUNDLE_IDENTIFIER = "qq.Clinic-Administration";
				PRODUCT_NAME = "$(TARGET_NAME)";
				SWIFT_VERSION = 5.0;
				TARGETED_DEVICE_FAMILY = 1;
			};
			name = Release;
		};
		8BFE342F25B378150058F42F /* Debug */ = {
			isa = XCBuildConfiguration;
			buildSettings = {
				BUNDLE_LOADER = "$(TEST_HOST)";
				CODE_SIGN_STYLE = Automatic;
				DEVELOPMENT_TEAM = WQ6FU7ZZ8T;
				INFOPLIST_FILE = ClinicAdministrationTests/Info.plist;
				IPHONEOS_DEPLOYMENT_TARGET = 14.3;
				LD_RUNPATH_SEARCH_PATHS = (
					"$(inherited)",
					"@executable_path/Frameworks",
					"@loader_path/Frameworks",
				);
				PRODUCT_BUNDLE_IDENTIFIER = qq.ClinicAdministrationTests;
				PRODUCT_NAME = "$(TARGET_NAME)";
				SWIFT_VERSION = 5.0;
				TARGETED_DEVICE_FAMILY = "1,2";
				TEST_HOST = "$(BUILT_PRODUCTS_DIR)/ClinicAdministration.app/ClinicAdministration";
			};
			name = Debug;
		};
		8BFE343025B378150058F42F /* Release */ = {
			isa = XCBuildConfiguration;
			buildSettings = {
				BUNDLE_LOADER = "$(TEST_HOST)";
				CODE_SIGN_STYLE = Automatic;
				DEVELOPMENT_TEAM = WQ6FU7ZZ8T;
				INFOPLIST_FILE = ClinicAdministrationTests/Info.plist;
				IPHONEOS_DEPLOYMENT_TARGET = 14.3;
				LD_RUNPATH_SEARCH_PATHS = (
					"$(inherited)",
					"@executable_path/Frameworks",
					"@loader_path/Frameworks",
				);
				PRODUCT_BUNDLE_IDENTIFIER = qq.ClinicAdministrationTests;
				PRODUCT_NAME = "$(TARGET_NAME)";
				SWIFT_VERSION = 5.0;
				TARGETED_DEVICE_FAMILY = "1,2";
				TEST_HOST = "$(BUILT_PRODUCTS_DIR)/ClinicAdministration.app/ClinicAdministration";
			};
			name = Release;
		};
/* End XCBuildConfiguration section */

/* Begin XCConfigurationList section */
		8BCAB7912559D4A4001A93D0 /* Build configuration list for PBXProject "ClinicAdministration" */ = {
			isa = XCConfigurationList;
			buildConfigurations = (
				8BCAB7A82559D4A5001A93D0 /* Debug */,
				8BCAB7A92559D4A5001A93D0 /* Release */,
			);
			defaultConfigurationIsVisible = 0;
			defaultConfigurationName = Release;
		};
		8BCAB7AA2559D4A5001A93D0 /* Build configuration list for PBXNativeTarget "ClinicAdministration" */ = {
			isa = XCConfigurationList;
			buildConfigurations = (
				8BCAB7AB2559D4A5001A93D0 /* Debug */,
				8BCAB7AC2559D4A5001A93D0 /* Release */,
			);
			defaultConfigurationIsVisible = 0;
			defaultConfigurationName = Release;
		};
		8BFE342E25B378150058F42F /* Build configuration list for PBXNativeTarget "ClinicAdministrationTests" */ = {
			isa = XCConfigurationList;
			buildConfigurations = (
				8BFE342F25B378150058F42F /* Debug */,
				8BFE343025B378150058F42F /* Release */,
			);
			defaultConfigurationIsVisible = 0;
			defaultConfigurationName = Release;
		};
/* End XCConfigurationList section */

/* Begin XCRemoteSwiftPackageReference section */
		8B20CE48262998B60007C20A /* XCRemoteSwiftPackageReference "HorizonCalendar" */ = {
			isa = XCRemoteSwiftPackageReference;
			repositoryURL = "https://github.com/airbnb/HorizonCalendar.git";
			requirement = {
				kind = upToNextMajorVersion;
				minimumVersion = 1.8.0;
			};
		};
/* End XCRemoteSwiftPackageReference section */

/* Begin XCSwiftPackageProductDependency section */
		8B20CE49262998B60007C20A /* HorizonCalendar */ = {
			isa = XCSwiftPackageProductDependency;
			package = 8B20CE48262998B60007C20A /* XCRemoteSwiftPackageReference "HorizonCalendar" */;
			productName = HorizonCalendar;
		};
/* End XCSwiftPackageProductDependency section */
	};
	rootObject = 8BCAB78E2559D4A4001A93D0 /* Project object */;
}
