// !$*UTF8*$!
{
	archiveVersion = 1;
	classes = {
	};
	objectVersion = 52;
	objects = {

/* Begin PBXBuildFile section */
		8B188983259CCA4E000B0077 /* Settings.swift in Sources */ = {isa = PBXBuildFile; fileRef = 8B188982259CCA4E000B0077 /* Settings.swift */; };
		8B29219E257930630058B51E /* TimelineView.swift in Sources */ = {isa = PBXBuildFile; fileRef = 8B29219D257930630058B51E /* TimelineView.swift */; };
		8B38A1AA260D133500CA01A0 /* TimeTableViewController.swift in Sources */ = {isa = PBXBuildFile; fileRef = 8B38A1A9260D133500CA01A0 /* TimeTableViewController.swift */; };
		8B38A1B0260D136500CA01A0 /* TimeTableViewInput.swift in Sources */ = {isa = PBXBuildFile; fileRef = 8B38A1AF260D136500CA01A0 /* TimeTableViewInput.swift */; };
		8B38A1B4260D137200CA01A0 /* TimeTableViewOutput.swift in Sources */ = {isa = PBXBuildFile; fileRef = 8B38A1B3260D137200CA01A0 /* TimeTableViewOutput.swift */; };
		8B38A1B8260D13B900CA01A0 /* TimeTablePresenter.swift in Sources */ = {isa = PBXBuildFile; fileRef = 8B38A1B7260D13B900CA01A0 /* TimeTablePresenter.swift */; };
		8B38A1BC260D13DD00CA01A0 /* TimeTableInteractor.swift in Sources */ = {isa = PBXBuildFile; fileRef = 8B38A1BB260D13DD00CA01A0 /* TimeTableInteractor.swift */; };
		8B38A1C0260D13F600CA01A0 /* TimeTableInteractorInput.swift in Sources */ = {isa = PBXBuildFile; fileRef = 8B38A1BF260D13F600CA01A0 /* TimeTableInteractorInput.swift */; };
		8B38A1C4260D140200CA01A0 /* TimeTableInteractorOutput.swift in Sources */ = {isa = PBXBuildFile; fileRef = 8B38A1C3260D140200CA01A0 /* TimeTableInteractorOutput.swift */; };
		8B38A1C8260D148000CA01A0 /* TimeTableRouterInput.swift in Sources */ = {isa = PBXBuildFile; fileRef = 8B38A1C7260D148000CA01A0 /* TimeTableRouterInput.swift */; };
		8B38A1CC260D14AE00CA01A0 /* TimeTableRouter.swift in Sources */ = {isa = PBXBuildFile; fileRef = 8B38A1CB260D14AE00CA01A0 /* TimeTableRouter.swift */; };
		8B38A1D8260D16E600CA01A0 /* TimeTablePatient.swift in Sources */ = {isa = PBXBuildFile; fileRef = 8B38A1D7260D16E600CA01A0 /* TimeTablePatient.swift */; };
		8B4825DA260B14300086FB64 /* Design in Frameworks */ = {isa = PBXBuildFile; productRef = 8B4825D9260B14300086FB64 /* Design */; };
		8B4825F0260B254A0086FB64 /* DatePicker in Frameworks */ = {isa = PBXBuildFile; productRef = 8B4825EF260B254A0086FB64 /* DatePicker */; };
		8B4825F7260B26BD0086FB64 /* Extensions in Frameworks */ = {isa = PBXBuildFile; productRef = 8B4825F6260B26BD0086FB64 /* Extensions */; };
		8B4825FD260B395B0086FB64 /* CalendarControl in Frameworks */ = {isa = PBXBuildFile; productRef = 8B4825FC260B395B0086FB64 /* CalendarControl */; };
		8B62D61C2615C57A006A78F4 /* TimeTableBuilder.swift in Sources */ = {isa = PBXBuildFile; fileRef = 8B62D61B2615C57A006A78F4 /* TimeTableBuilder.swift */; };
		8B62D6242615CB7A006A78F4 /* DatePickerHeader.swift in Sources */ = {isa = PBXBuildFile; fileRef = 8B62D6232615CB7A006A78F4 /* DatePickerHeader.swift */; };
		8B62D6282615ECC7006A78F4 /* CallButtonFooter.swift in Sources */ = {isa = PBXBuildFile; fileRef = 8B62D6272615ECC7006A78F4 /* CallButtonFooter.swift */; };
		8B733D0E256878070082784E /* TimeTableDataManager.swift in Sources */ = {isa = PBXBuildFile; fileRef = 8B733D0D256878070082784E /* TimeTableDataManager.swift */; };
		8B733D15256934BB0082784E /* schedules.json in Resources */ = {isa = PBXBuildFile; fileRef = 8B733D14256934BB0082784E /* schedules.json */; };
		8B843668256DB0D1006057EF /* Doctor.swift in Sources */ = {isa = PBXBuildFile; fileRef = 8B843667256DB0D1006057EF /* Doctor.swift */; };
		8B84366B256DB126006057EF /* Person.swift in Sources */ = {isa = PBXBuildFile; fileRef = 8B84366A256DB126006057EF /* Person.swift */; };
		8BA602F9260DA36700DF686B /* DoctorCell.swift in Sources */ = {isa = PBXBuildFile; fileRef = 8BA602F8260DA36700DF686B /* DoctorCell.swift */; };
		8BA60309260DDBCA00DF686B /* PatientCell.swift in Sources */ = {isa = PBXBuildFile; fileRef = 8BA60308260DDBCA00DF686B /* PatientCell.swift */; };
		8BA6030D260DDF8300DF686B /* TimeTablePatientView.swift in Sources */ = {isa = PBXBuildFile; fileRef = 8BA6030C260DDF8300DF686B /* TimeTablePatientView.swift */; };
		8BADB070261623DF00DEC3AC /* TimeTableLayout.swift in Sources */ = {isa = PBXBuildFile; fileRef = 8BADB06F261623DF00DEC3AC /* TimeTableLayout.swift */; };
		8BC15FDA257C1CF900323430 /* GraphicTimeTableView.swift in Sources */ = {isa = PBXBuildFile; fileRef = 8BC15FD9257C1CF900323430 /* GraphicTimeTableView.swift */; };
		8BCAB79A2559D4A4001A93D0 /* AppDelegate.swift in Sources */ = {isa = PBXBuildFile; fileRef = 8BCAB7992559D4A4001A93D0 /* AppDelegate.swift */; };
		8BCAB79C2559D4A4001A93D0 /* SceneDelegate.swift in Sources */ = {isa = PBXBuildFile; fileRef = 8BCAB79B2559D4A4001A93D0 /* SceneDelegate.swift */; };
		8BCAB7A32559D4A5001A93D0 /* Assets.xcassets in Resources */ = {isa = PBXBuildFile; fileRef = 8BCAB7A22559D4A5001A93D0 /* Assets.xcassets */; };
		8BCAB7A62559D4A5001A93D0 /* LaunchScreen.storyboard in Resources */ = {isa = PBXBuildFile; fileRef = 8BCAB7A42559D4A5001A93D0 /* LaunchScreen.storyboard */; };
		8BCAB7B22559D564001A93D0 /* GraphicTimeTableViewController.swift in Sources */ = {isa = PBXBuildFile; fileRef = 8BCAB7B12559D564001A93D0 /* GraphicTimeTableViewController.swift */; };
		8BCAB7BB2559D5EF001A93D0 /* GraphicTableView.swift in Sources */ = {isa = PBXBuildFile; fileRef = 8BCAB7BA2559D5EF001A93D0 /* GraphicTableView.swift */; };
		8BCAB7BE2559D608001A93D0 /* DoctorScheduleView.swift in Sources */ = {isa = PBXBuildFile; fileRef = 8BCAB7BD2559D608001A93D0 /* DoctorScheduleView.swift */; };
		8BCAB7C12559D618001A93D0 /* DoctorSchedule.swift in Sources */ = {isa = PBXBuildFile; fileRef = 8BCAB7C02559D618001A93D0 /* DoctorSchedule.swift */; };
		8BCAB7D42559DC9C001A93D0 /* Roboto-Light.ttf in Resources */ = {isa = PBXBuildFile; fileRef = 8BCAB7C82559DC9C001A93D0 /* Roboto-Light.ttf */; };
		8BCAB7D52559DC9C001A93D0 /* Roboto-Thin.ttf in Resources */ = {isa = PBXBuildFile; fileRef = 8BCAB7C92559DC9C001A93D0 /* Roboto-Thin.ttf */; };
		8BCAB7D72559DC9C001A93D0 /* Roboto-Regular.ttf in Resources */ = {isa = PBXBuildFile; fileRef = 8BCAB7CB2559DC9C001A93D0 /* Roboto-Regular.ttf */; };
		8BCAB7D92559DC9C001A93D0 /* Roboto-Medium.ttf in Resources */ = {isa = PBXBuildFile; fileRef = 8BCAB7CD2559DC9C001A93D0 /* Roboto-Medium.ttf */; };
		8BCAB7DB2559DC9C001A93D0 /* Roboto-Black.ttf in Resources */ = {isa = PBXBuildFile; fileRef = 8BCAB7CF2559DC9C001A93D0 /* Roboto-Black.ttf */; };
		8BCAB7DE2559DC9C001A93D0 /* Roboto-Bold.ttf in Resources */ = {isa = PBXBuildFile; fileRef = 8BCAB7D22559DC9C001A93D0 /* Roboto-Bold.ttf */; };
		8BE26CEA2616A9D800B65513 /* PatientSectionBackgroundDecorationView.swift in Sources */ = {isa = PBXBuildFile; fileRef = 8BE26CE92616A9D800B65513 /* PatientSectionBackgroundDecorationView.swift */; };
		8BFE342A25B378150058F42F /* ClinicAdministrationTests.swift in Sources */ = {isa = PBXBuildFile; fileRef = 8BFE342925B378150058F42F /* ClinicAdministrationTests.swift */; };
/* End PBXBuildFile section */

/* Begin PBXContainerItemProxy section */
		8BFE342C25B378150058F42F /* PBXContainerItemProxy */ = {
			isa = PBXContainerItemProxy;
			containerPortal = 8BCAB78E2559D4A4001A93D0 /* Project object */;
			proxyType = 1;
			remoteGlobalIDString = 8BCAB7952559D4A4001A93D0;
			remoteInfo = ClinicAdministration;
		};
/* End PBXContainerItemProxy section */

/* Begin PBXFileReference section */
		8B188982259CCA4E000B0077 /* Settings.swift */ = {isa = PBXFileReference; lastKnownFileType = sourcecode.swift; path = Settings.swift; sourceTree = "<group>"; };
		8B29219D257930630058B51E /* TimelineView.swift */ = {isa = PBXFileReference; lastKnownFileType = sourcecode.swift; path = TimelineView.swift; sourceTree = "<group>"; };
		8B38A1A9260D133500CA01A0 /* TimeTableViewController.swift */ = {isa = PBXFileReference; lastKnownFileType = sourcecode.swift; path = TimeTableViewController.swift; sourceTree = "<group>"; };
		8B38A1AF260D136500CA01A0 /* TimeTableViewInput.swift */ = {isa = PBXFileReference; lastKnownFileType = sourcecode.swift; path = TimeTableViewInput.swift; sourceTree = "<group>"; };
		8B38A1B3260D137200CA01A0 /* TimeTableViewOutput.swift */ = {isa = PBXFileReference; lastKnownFileType = sourcecode.swift; path = TimeTableViewOutput.swift; sourceTree = "<group>"; };
		8B38A1B7260D13B900CA01A0 /* TimeTablePresenter.swift */ = {isa = PBXFileReference; lastKnownFileType = sourcecode.swift; path = TimeTablePresenter.swift; sourceTree = "<group>"; };
		8B38A1BB260D13DD00CA01A0 /* TimeTableInteractor.swift */ = {isa = PBXFileReference; lastKnownFileType = sourcecode.swift; path = TimeTableInteractor.swift; sourceTree = "<group>"; };
		8B38A1BF260D13F600CA01A0 /* TimeTableInteractorInput.swift */ = {isa = PBXFileReference; lastKnownFileType = sourcecode.swift; path = TimeTableInteractorInput.swift; sourceTree = "<group>"; };
		8B38A1C3260D140200CA01A0 /* TimeTableInteractorOutput.swift */ = {isa = PBXFileReference; lastKnownFileType = sourcecode.swift; path = TimeTableInteractorOutput.swift; sourceTree = "<group>"; };
		8B38A1C7260D148000CA01A0 /* TimeTableRouterInput.swift */ = {isa = PBXFileReference; lastKnownFileType = sourcecode.swift; path = TimeTableRouterInput.swift; sourceTree = "<group>"; };
		8B38A1CB260D14AE00CA01A0 /* TimeTableRouter.swift */ = {isa = PBXFileReference; lastKnownFileType = sourcecode.swift; path = TimeTableRouter.swift; sourceTree = "<group>"; };
		8B38A1D7260D16E600CA01A0 /* TimeTablePatient.swift */ = {isa = PBXFileReference; lastKnownFileType = sourcecode.swift; path = TimeTablePatient.swift; sourceTree = "<group>"; };
		8B4825D1260B13520086FB64 /* Design */ = {isa = PBXFileReference; lastKnownFileType = folder; path = Design; sourceTree = "<group>"; };
		8B4825DD260B1BDA0086FB64 /* CalendarControl */ = {isa = PBXFileReference; lastKnownFileType = folder; path = CalendarControl; sourceTree = "<group>"; };
		8B4825E8260B20A30086FB64 /* DatePicker */ = {isa = PBXFileReference; lastKnownFileType = folder; path = DatePicker; sourceTree = "<group>"; };
		8B4825F3260B26330086FB64 /* Extensions */ = {isa = PBXFileReference; lastKnownFileType = folder; path = Extensions; sourceTree = "<group>"; };
		8B62D61B2615C57A006A78F4 /* TimeTableBuilder.swift */ = {isa = PBXFileReference; lastKnownFileType = sourcecode.swift; path = TimeTableBuilder.swift; sourceTree = "<group>"; };
		8B62D6232615CB7A006A78F4 /* DatePickerHeader.swift */ = {isa = PBXFileReference; lastKnownFileType = sourcecode.swift; path = DatePickerHeader.swift; sourceTree = "<group>"; };
		8B62D6272615ECC7006A78F4 /* CallButtonFooter.swift */ = {isa = PBXFileReference; lastKnownFileType = sourcecode.swift; path = CallButtonFooter.swift; sourceTree = "<group>"; };
		8B733D0D256878070082784E /* TimeTableDataManager.swift */ = {isa = PBXFileReference; lastKnownFileType = sourcecode.swift; path = TimeTableDataManager.swift; sourceTree = "<group>"; };
		8B733D14256934BB0082784E /* schedules.json */ = {isa = PBXFileReference; fileEncoding = 4; lastKnownFileType = text.json; path = schedules.json; sourceTree = "<group>"; };
		8B843667256DB0D1006057EF /* Doctor.swift */ = {isa = PBXFileReference; lastKnownFileType = sourcecode.swift; path = Doctor.swift; sourceTree = "<group>"; };
		8B84366A256DB126006057EF /* Person.swift */ = {isa = PBXFileReference; lastKnownFileType = sourcecode.swift; path = Person.swift; sourceTree = "<group>"; };
		8BA602F8260DA36700DF686B /* DoctorCell.swift */ = {isa = PBXFileReference; lastKnownFileType = sourcecode.swift; path = DoctorCell.swift; sourceTree = "<group>"; };
		8BA60308260DDBCA00DF686B /* PatientCell.swift */ = {isa = PBXFileReference; lastKnownFileType = sourcecode.swift; path = PatientCell.swift; sourceTree = "<group>"; };
		8BA6030C260DDF8300DF686B /* TimeTablePatientView.swift */ = {isa = PBXFileReference; lastKnownFileType = sourcecode.swift; path = TimeTablePatientView.swift; sourceTree = "<group>"; };
		8BADB06F261623DF00DEC3AC /* TimeTableLayout.swift */ = {isa = PBXFileReference; lastKnownFileType = sourcecode.swift; path = TimeTableLayout.swift; sourceTree = "<group>"; };
		8BC15FD9257C1CF900323430 /* GraphicTimeTableView.swift */ = {isa = PBXFileReference; lastKnownFileType = sourcecode.swift; path = GraphicTimeTableView.swift; sourceTree = "<group>"; };
		8BCAB7962559D4A4001A93D0 /* ClinicAdministration.app */ = {isa = PBXFileReference; explicitFileType = wrapper.application; includeInIndex = 0; path = ClinicAdministration.app; sourceTree = BUILT_PRODUCTS_DIR; };
		8BCAB7992559D4A4001A93D0 /* AppDelegate.swift */ = {isa = PBXFileReference; lastKnownFileType = sourcecode.swift; path = AppDelegate.swift; sourceTree = "<group>"; };
		8BCAB79B2559D4A4001A93D0 /* SceneDelegate.swift */ = {isa = PBXFileReference; lastKnownFileType = sourcecode.swift; path = SceneDelegate.swift; sourceTree = "<group>"; };
		8BCAB7A22559D4A5001A93D0 /* Assets.xcassets */ = {isa = PBXFileReference; lastKnownFileType = folder.assetcatalog; path = Assets.xcassets; sourceTree = "<group>"; };
		8BCAB7A52559D4A5001A93D0 /* Base */ = {isa = PBXFileReference; lastKnownFileType = file.storyboard; name = Base; path = Base.lproj/LaunchScreen.storyboard; sourceTree = "<group>"; };
		8BCAB7A72559D4A5001A93D0 /* Info.plist */ = {isa = PBXFileReference; lastKnownFileType = text.plist.xml; path = Info.plist; sourceTree = "<group>"; };
		8BCAB7B12559D564001A93D0 /* GraphicTimeTableViewController.swift */ = {isa = PBXFileReference; lastKnownFileType = sourcecode.swift; path = GraphicTimeTableViewController.swift; sourceTree = "<group>"; };
		8BCAB7BA2559D5EF001A93D0 /* GraphicTableView.swift */ = {isa = PBXFileReference; lastKnownFileType = sourcecode.swift; path = GraphicTableView.swift; sourceTree = "<group>"; };
		8BCAB7BD2559D608001A93D0 /* DoctorScheduleView.swift */ = {isa = PBXFileReference; lastKnownFileType = sourcecode.swift; path = DoctorScheduleView.swift; sourceTree = "<group>"; };
		8BCAB7C02559D618001A93D0 /* DoctorSchedule.swift */ = {isa = PBXFileReference; lastKnownFileType = sourcecode.swift; path = DoctorSchedule.swift; sourceTree = "<group>"; };
		8BCAB7C82559DC9C001A93D0 /* Roboto-Light.ttf */ = {isa = PBXFileReference; lastKnownFileType = file; path = "Roboto-Light.ttf"; sourceTree = "<group>"; };
		8BCAB7C92559DC9C001A93D0 /* Roboto-Thin.ttf */ = {isa = PBXFileReference; lastKnownFileType = file; path = "Roboto-Thin.ttf"; sourceTree = "<group>"; };
		8BCAB7CB2559DC9C001A93D0 /* Roboto-Regular.ttf */ = {isa = PBXFileReference; lastKnownFileType = file; path = "Roboto-Regular.ttf"; sourceTree = "<group>"; };
		8BCAB7CD2559DC9C001A93D0 /* Roboto-Medium.ttf */ = {isa = PBXFileReference; lastKnownFileType = file; path = "Roboto-Medium.ttf"; sourceTree = "<group>"; };
		8BCAB7CF2559DC9C001A93D0 /* Roboto-Black.ttf */ = {isa = PBXFileReference; lastKnownFileType = file; path = "Roboto-Black.ttf"; sourceTree = "<group>"; };
		8BCAB7D22559DC9C001A93D0 /* Roboto-Bold.ttf */ = {isa = PBXFileReference; lastKnownFileType = file; path = "Roboto-Bold.ttf"; sourceTree = "<group>"; };
		8BE26CE92616A9D800B65513 /* PatientSectionBackgroundDecorationView.swift */ = {isa = PBXFileReference; lastKnownFileType = sourcecode.swift; path = PatientSectionBackgroundDecorationView.swift; sourceTree = "<group>"; };
		8BFE342725B378150058F42F /* ClinicAdministrationTests.xctest */ = {isa = PBXFileReference; explicitFileType = wrapper.cfbundle; includeInIndex = 0; path = ClinicAdministrationTests.xctest; sourceTree = BUILT_PRODUCTS_DIR; };
		8BFE342925B378150058F42F /* ClinicAdministrationTests.swift */ = {isa = PBXFileReference; lastKnownFileType = sourcecode.swift; path = ClinicAdministrationTests.swift; sourceTree = "<group>"; };
		8BFE342B25B378150058F42F /* Info.plist */ = {isa = PBXFileReference; lastKnownFileType = text.plist.xml; path = Info.plist; sourceTree = "<group>"; };
/* End PBXFileReference section */

/* Begin PBXFrameworksBuildPhase section */
		8BCAB7932559D4A4001A93D0 /* Frameworks */ = {
			isa = PBXFrameworksBuildPhase;
			buildActionMask = 2147483647;
			files = (
				8B4825F7260B26BD0086FB64 /* Extensions in Frameworks */,
				8B4825F0260B254A0086FB64 /* DatePicker in Frameworks */,
				8B4825FD260B395B0086FB64 /* CalendarControl in Frameworks */,
				8B4825DA260B14300086FB64 /* Design in Frameworks */,
			);
			runOnlyForDeploymentPostprocessing = 0;
		};
		8BFE342425B378150058F42F /* Frameworks */ = {
			isa = PBXFrameworksBuildPhase;
			buildActionMask = 2147483647;
			files = (
			);
			runOnlyForDeploymentPostprocessing = 0;
		};
/* End PBXFrameworksBuildPhase section */

/* Begin PBXGroup section */
		8B0F5BC9255D49F400894410 /* Types */ = {
			isa = PBXGroup;
			children = (
				8BCAB7C02559D618001A93D0 /* DoctorSchedule.swift */,
				8B733D0D256878070082784E /* TimeTableDataManager.swift */,
				8B843667256DB0D1006057EF /* Doctor.swift */,
				8B84366A256DB126006057EF /* Person.swift */,
			);
			path = Types;
			sourceTree = "<group>";
		};
		8B188985259CCA55000B0077 /* Settings */ = {
			isa = PBXGroup;
			children = (
				8B188982259CCA4E000B0077 /* Settings.swift */,
			);
			path = Settings;
			sourceTree = "<group>";
		};
		8B38A1A3260D12B600CA01A0 /* TimeTableScreen */ = {
			isa = PBXGroup;
			children = (
				8B38A1A4260D12C200CA01A0 /* View */,
				8B38A1A5260D12CA00CA01A0 /* Presenter */,
				8B38A1A6260D12D300CA01A0 /* Interactor */,
				8B38A1A7260D12E100CA01A0 /* Router */,
				8B38A1A8260D12E900CA01A0 /* Entities */,
				8B62D61B2615C57A006A78F4 /* TimeTableBuilder.swift */,
			);
			path = TimeTableScreen;
			sourceTree = "<group>";
		};
		8B38A1A4260D12C200CA01A0 /* View */ = {
			isa = PBXGroup;
			children = (
				8B38A1A9260D133500CA01A0 /* TimeTableViewController.swift */,
				8B38A1AF260D136500CA01A0 /* TimeTableViewInput.swift */,
				8B38A1B3260D137200CA01A0 /* TimeTableViewOutput.swift */,
				8B62D62B2615EDA7006A78F4 /* CollectionView Items */,
			);
			path = View;
			sourceTree = "<group>";
		};
		8B38A1A5260D12CA00CA01A0 /* Presenter */ = {
			isa = PBXGroup;
			children = (
				8B38A1B7260D13B900CA01A0 /* TimeTablePresenter.swift */,
			);
			path = Presenter;
			sourceTree = "<group>";
		};
		8B38A1A6260D12D300CA01A0 /* Interactor */ = {
			isa = PBXGroup;
			children = (
				8B38A1BB260D13DD00CA01A0 /* TimeTableInteractor.swift */,
				8B38A1BF260D13F600CA01A0 /* TimeTableInteractorInput.swift */,
				8B38A1C3260D140200CA01A0 /* TimeTableInteractorOutput.swift */,
			);
			path = Interactor;
			sourceTree = "<group>";
		};
		8B38A1A7260D12E100CA01A0 /* Router */ = {
			isa = PBXGroup;
			children = (
				8B38A1C7260D148000CA01A0 /* TimeTableRouterInput.swift */,
				8B38A1CB260D14AE00CA01A0 /* TimeTableRouter.swift */,
			);
			path = Router;
			sourceTree = "<group>";
		};
		8B38A1A8260D12E900CA01A0 /* Entities */ = {
			isa = PBXGroup;
			children = (
				8B38A1D7260D16E600CA01A0 /* TimeTablePatient.swift */,
			);
			path = Entities;
			sourceTree = "<group>";
		};
		8B4825CB260B116C0086FB64 /* Packages */ = {
			isa = PBXGroup;
			children = (
				8B4825E8260B20A30086FB64 /* DatePicker */,
				8B4825DD260B1BDA0086FB64 /* CalendarControl */,
				8B4825F3260B26330086FB64 /* Extensions */,
				8B4825D1260B13520086FB64 /* Design */,
			);
			path = Packages;
			sourceTree = "<group>";
		};
		8B4825D8260B14300086FB64 /* Frameworks */ = {
			isa = PBXGroup;
			children = (
			);
			name = Frameworks;
			sourceTree = "<group>";
		};
		8B62D62B2615EDA7006A78F4 /* CollectionView Items */ = {
			isa = PBXGroup;
			children = (
				8BADB06F261623DF00DEC3AC /* TimeTableLayout.swift */,
				8B62D6232615CB7A006A78F4 /* DatePickerHeader.swift */,
				8B62D6272615ECC7006A78F4 /* CallButtonFooter.swift */,
				8BA602F8260DA36700DF686B /* DoctorCell.swift */,
				8BA60308260DDBCA00DF686B /* PatientCell.swift */,
				8BA6030C260DDF8300DF686B /* TimeTablePatientView.swift */,
				8BE26CE92616A9D800B65513 /* PatientSectionBackgroundDecorationView.swift */,
			);
			path = "CollectionView Items";
			sourceTree = "<group>";
		};
		8BCAB78D2559D4A4001A93D0 = {
			isa = PBXGroup;
			children = (
				8BCAB7982559D4A4001A93D0 /* ClinicAdministration */,
				8BFE342825B378150058F42F /* ClinicAdministrationTests */,
				8BCAB7972559D4A4001A93D0 /* Products */,
				8B4825CB260B116C0086FB64 /* Packages */,
				8B4825D8260B14300086FB64 /* Frameworks */,
			);
			sourceTree = "<group>";
		};
		8BCAB7972559D4A4001A93D0 /* Products */ = {
			isa = PBXGroup;
			children = (
				8BCAB7962559D4A4001A93D0 /* ClinicAdministration.app */,
				8BFE342725B378150058F42F /* ClinicAdministrationTests.xctest */,
			);
			name = Products;
			sourceTree = "<group>";
		};
		8BCAB7982559D4A4001A93D0 /* ClinicAdministration */ = {
			isa = PBXGroup;
			children = (
				8B188985259CCA55000B0077 /* Settings */,
				8B0F5BC9255D49F400894410 /* Types */,
				8B38A1A3260D12B600CA01A0 /* TimeTableScreen */,
				8BCAB7B42559D56A001A93D0 /* GraphicTimeTableScreen */,
				8BCAB7AF2559D4D5001A93D0 /* Supporting Files */,
				8B733D14256934BB0082784E /* schedules.json */,
				8BCAB7C72559DC72001A93D0 /* Fonts */,
				8BCAB7A72559D4A5001A93D0 /* Info.plist */,
			);
			path = ClinicAdministration;
			sourceTree = "<group>";
		};
		8BCAB7AF2559D4D5001A93D0 /* Supporting Files */ = {
			isa = PBXGroup;
			children = (
				8BCAB7992559D4A4001A93D0 /* AppDelegate.swift */,
				8BCAB79B2559D4A4001A93D0 /* SceneDelegate.swift */,
				8BCAB7A22559D4A5001A93D0 /* Assets.xcassets */,
				8BCAB7A42559D4A5001A93D0 /* LaunchScreen.storyboard */,
			);
			path = "Supporting Files";
			sourceTree = "<group>";
		};
		8BCAB7B42559D56A001A93D0 /* GraphicTimeTableScreen */ = {
			isa = PBXGroup;
			children = (
				8BCAB7B12559D564001A93D0 /* GraphicTimeTableViewController.swift */,
				8BC15FD9257C1CF900323430 /* GraphicTimeTableView.swift */,
				8BCAB7BA2559D5EF001A93D0 /* GraphicTableView.swift */,
				8B29219D257930630058B51E /* TimelineView.swift */,
				8BCAB7BD2559D608001A93D0 /* DoctorScheduleView.swift */,
			);
			path = GraphicTimeTableScreen;
			sourceTree = "<group>";
		};
		8BCAB7C72559DC72001A93D0 /* Fonts */ = {
			isa = PBXGroup;
			children = (
				8BCAB7CF2559DC9C001A93D0 /* Roboto-Black.ttf */,
				8BCAB7D22559DC9C001A93D0 /* Roboto-Bold.ttf */,
				8BCAB7C82559DC9C001A93D0 /* Roboto-Light.ttf */,
				8BCAB7CD2559DC9C001A93D0 /* Roboto-Medium.ttf */,
				8BCAB7CB2559DC9C001A93D0 /* Roboto-Regular.ttf */,
				8BCAB7C92559DC9C001A93D0 /* Roboto-Thin.ttf */,
			);
			path = Fonts;
			sourceTree = "<group>";
		};
		8BFE342825B378150058F42F /* ClinicAdministrationTests */ = {
			isa = PBXGroup;
			children = (
				8BFE342925B378150058F42F /* ClinicAdministrationTests.swift */,
				8BFE342B25B378150058F42F /* Info.plist */,
			);
			path = ClinicAdministrationTests;
			sourceTree = "<group>";
		};
/* End PBXGroup section */

/* Begin PBXNativeTarget section */
		8BCAB7952559D4A4001A93D0 /* ClinicAdministration */ = {
			isa = PBXNativeTarget;
			buildConfigurationList = 8BCAB7AA2559D4A5001A93D0 /* Build configuration list for PBXNativeTarget "ClinicAdministration" */;
			buildPhases = (
				8B8FEB9725BA1B6F003517CA /* SwiftLint */,
				8BCAB7922559D4A4001A93D0 /* Sources */,
				8BCAB7932559D4A4001A93D0 /* Frameworks */,
				8BCAB7942559D4A4001A93D0 /* Resources */,
			);
			buildRules = (
			);
			dependencies = (
			);
			name = ClinicAdministration;
			packageProductDependencies = (
				8B4825D9260B14300086FB64 /* Design */,
				8B4825EF260B254A0086FB64 /* DatePicker */,
				8B4825F6260B26BD0086FB64 /* Extensions */,
				8B4825FC260B395B0086FB64 /* CalendarControl */,
			);
			productName = "Clinic Administration";
			productReference = 8BCAB7962559D4A4001A93D0 /* ClinicAdministration.app */;
			productType = "com.apple.product-type.application";
		};
		8BFE342625B378150058F42F /* ClinicAdministrationTests */ = {
			isa = PBXNativeTarget;
			buildConfigurationList = 8BFE342E25B378150058F42F /* Build configuration list for PBXNativeTarget "ClinicAdministrationTests" */;
			buildPhases = (
				8BFE342325B378150058F42F /* Sources */,
				8BFE342425B378150058F42F /* Frameworks */,
				8BFE342525B378150058F42F /* Resources */,
			);
			buildRules = (
			);
			dependencies = (
				8BFE342D25B378150058F42F /* PBXTargetDependency */,
			);
			name = ClinicAdministrationTests;
			productName = ClinicAdministrationTests;
			productReference = 8BFE342725B378150058F42F /* ClinicAdministrationTests.xctest */;
			productType = "com.apple.product-type.bundle.unit-test";
		};
/* End PBXNativeTarget section */

/* Begin PBXProject section */
		8BCAB78E2559D4A4001A93D0 /* Project object */ = {
			isa = PBXProject;
			attributes = {
				LastSwiftUpdateCheck = 1230;
				LastUpgradeCheck = 1210;
				TargetAttributes = {
					8BCAB7952559D4A4001A93D0 = {
						CreatedOnToolsVersion = 12.1;
					};
					8BFE342625B378150058F42F = {
						CreatedOnToolsVersion = 12.3;
						TestTargetID = 8BCAB7952559D4A4001A93D0;
					};
				};
			};
			buildConfigurationList = 8BCAB7912559D4A4001A93D0 /* Build configuration list for PBXProject "ClinicAdministration" */;
			compatibilityVersion = "Xcode 9.3";
			developmentRegion = en;
			hasScannedForEncodings = 0;
			knownRegions = (
				en,
				Base,
			);
			mainGroup = 8BCAB78D2559D4A4001A93D0;
			packageReferences = (
			);
			productRefGroup = 8BCAB7972559D4A4001A93D0 /* Products */;
			projectDirPath = "";
			projectRoot = "";
			targets = (
				8BCAB7952559D4A4001A93D0 /* ClinicAdministration */,
				8BFE342625B378150058F42F /* ClinicAdministrationTests */,
			);
		};
/* End PBXProject section */

/* Begin PBXResourcesBuildPhase section */
		8BCAB7942559D4A4001A93D0 /* Resources */ = {
			isa = PBXResourcesBuildPhase;
			buildActionMask = 2147483647;
			files = (
				8BCAB7DE2559DC9C001A93D0 /* Roboto-Bold.ttf in Resources */,
				8BCAB7D72559DC9C001A93D0 /* Roboto-Regular.ttf in Resources */,
				8BCAB7A62559D4A5001A93D0 /* LaunchScreen.storyboard in Resources */,
				8BCAB7A32559D4A5001A93D0 /* Assets.xcassets in Resources */,
				8BCAB7D42559DC9C001A93D0 /* Roboto-Light.ttf in Resources */,
				8BCAB7DB2559DC9C001A93D0 /* Roboto-Black.ttf in Resources */,
				8BCAB7D52559DC9C001A93D0 /* Roboto-Thin.ttf in Resources */,
				8B733D15256934BB0082784E /* schedules.json in Resources */,
				8BCAB7D92559DC9C001A93D0 /* Roboto-Medium.ttf in Resources */,
			);
			runOnlyForDeploymentPostprocessing = 0;
		};
		8BFE342525B378150058F42F /* Resources */ = {
			isa = PBXResourcesBuildPhase;
			buildActionMask = 2147483647;
			files = (
			);
			runOnlyForDeploymentPostprocessing = 0;
		};
/* End PBXResourcesBuildPhase section */

/* Begin PBXShellScriptBuildPhase section */
		8B8FEB9725BA1B6F003517CA /* SwiftLint */ = {
			isa = PBXShellScriptBuildPhase;
			buildActionMask = 2147483647;
			files = (
			);
			inputFileListPaths = (
			);
			inputPaths = (
			);
			name = SwiftLint;
			outputFileListPaths = (
			);
			outputPaths = (
			);
			runOnlyForDeploymentPostprocessing = 0;
			shellPath = /bin/sh;
			shellScript = "if which swiftlint >/dev/null; then\n  swiftlint\nelse\n  echo \"warning: SwiftLint not installed, download from https://github.com/realm/SwiftLint\"\nfi\n";
		};
/* End PBXShellScriptBuildPhase section */

/* Begin PBXSourcesBuildPhase section */
		8BCAB7922559D4A4001A93D0 /* Sources */ = {
			isa = PBXSourcesBuildPhase;
			buildActionMask = 2147483647;
			files = (
				8BA6030D260DDF8300DF686B /* TimeTablePatientView.swift in Sources */,
				8B62D6242615CB7A006A78F4 /* DatePickerHeader.swift in Sources */,
				8BE26CEA2616A9D800B65513 /* PatientSectionBackgroundDecorationView.swift in Sources */,
				8B733D0E256878070082784E /* TimeTableDataManager.swift in Sources */,
				8B38A1B0260D136500CA01A0 /* TimeTableViewInput.swift in Sources */,
				8B38A1B8260D13B900CA01A0 /* TimeTablePresenter.swift in Sources */,
				8B38A1AA260D133500CA01A0 /* TimeTableViewController.swift in Sources */,
				8BCAB7BE2559D608001A93D0 /* DoctorScheduleView.swift in Sources */,
				8B38A1C8260D148000CA01A0 /* TimeTableRouterInput.swift in Sources */,
				8B62D6282615ECC7006A78F4 /* CallButtonFooter.swift in Sources */,
				8BC15FDA257C1CF900323430 /* GraphicTimeTableView.swift in Sources */,
				8B38A1B4260D137200CA01A0 /* TimeTableViewOutput.swift in Sources */,
				8B38A1CC260D14AE00CA01A0 /* TimeTableRouter.swift in Sources */,
				8BCAB7BB2559D5EF001A93D0 /* GraphicTableView.swift in Sources */,
				8BCAB7C12559D618001A93D0 /* DoctorSchedule.swift in Sources */,
				8B38A1D8260D16E600CA01A0 /* TimeTablePatient.swift in Sources */,
				8BCAB79A2559D4A4001A93D0 /* AppDelegate.swift in Sources */,
				8BADB070261623DF00DEC3AC /* TimeTableLayout.swift in Sources */,
				8B84366B256DB126006057EF /* Person.swift in Sources */,
				8B38A1C0260D13F600CA01A0 /* TimeTableInteractorInput.swift in Sources */,
				8BA602F9260DA36700DF686B /* DoctorCell.swift in Sources */,
				8B29219E257930630058B51E /* TimelineView.swift in Sources */,
				8B843668256DB0D1006057EF /* Doctor.swift in Sources */,
				8BCAB79C2559D4A4001A93D0 /* SceneDelegate.swift in Sources */,
				8BCAB7B22559D564001A93D0 /* GraphicTimeTableViewController.swift in Sources */,
				8BA60309260DDBCA00DF686B /* PatientCell.swift in Sources */,
				8B62D61C2615C57A006A78F4 /* TimeTableBuilder.swift in Sources */,
				8B38A1BC260D13DD00CA01A0 /* TimeTableInteractor.swift in Sources */,
				8B38A1C4260D140200CA01A0 /* TimeTableInteractorOutput.swift in Sources */,
				8B188983259CCA4E000B0077 /* Settings.swift in Sources */,
			);
			runOnlyForDeploymentPostprocessing = 0;
		};
		8BFE342325B378150058F42F /* Sources */ = {
			isa = PBXSourcesBuildPhase;
			buildActionMask = 2147483647;
			files = (
				8BFE342A25B378150058F42F /* ClinicAdministrationTests.swift in Sources */,
			);
			runOnlyForDeploymentPostprocessing = 0;
		};
/* End PBXSourcesBuildPhase section */

/* Begin PBXTargetDependency section */
		8BFE342D25B378150058F42F /* PBXTargetDependency */ = {
			isa = PBXTargetDependency;
			target = 8BCAB7952559D4A4001A93D0 /* ClinicAdministration */;
			targetProxy = 8BFE342C25B378150058F42F /* PBXContainerItemProxy */;
		};
/* End PBXTargetDependency section */

/* Begin PBXVariantGroup section */
		8BCAB7A42559D4A5001A93D0 /* LaunchScreen.storyboard */ = {
			isa = PBXVariantGroup;
			children = (
				8BCAB7A52559D4A5001A93D0 /* Base */,
			);
			name = LaunchScreen.storyboard;
			sourceTree = "<group>";
		};
/* End PBXVariantGroup section */

/* Begin XCBuildConfiguration section */
		8BCAB7A82559D4A5001A93D0 /* Debug */ = {
			isa = XCBuildConfiguration;
			buildSettings = {
				ALWAYS_SEARCH_USER_PATHS = NO;
				CLANG_ANALYZER_NONNULL = YES;
				CLANG_ANALYZER_NUMBER_OBJECT_CONVERSION = YES_AGGRESSIVE;
				CLANG_CXX_LANGUAGE_STANDARD = "gnu++14";
				CLANG_CXX_LIBRARY = "libc++";
				CLANG_ENABLE_MODULES = YES;
				CLANG_ENABLE_OBJC_ARC = YES;
				CLANG_ENABLE_OBJC_WEAK = YES;
				CLANG_WARN_BLOCK_CAPTURE_AUTORELEASING = YES;
				CLANG_WARN_BOOL_CONVERSION = YES;
				CLANG_WARN_COMMA = YES;
				CLANG_WARN_CONSTANT_CONVERSION = YES;
				CLANG_WARN_DEPRECATED_OBJC_IMPLEMENTATIONS = YES;
				CLANG_WARN_DIRECT_OBJC_ISA_USAGE = YES_ERROR;
				CLANG_WARN_DOCUMENTATION_COMMENTS = YES;
				CLANG_WARN_EMPTY_BODY = YES;
				CLANG_WARN_ENUM_CONVERSION = YES;
				CLANG_WARN_INFINITE_RECURSION = YES;
				CLANG_WARN_INT_CONVERSION = YES;
				CLANG_WARN_NON_LITERAL_NULL_CONVERSION = YES;
				CLANG_WARN_OBJC_IMPLICIT_RETAIN_SELF = YES;
				CLANG_WARN_OBJC_LITERAL_CONVERSION = YES;
				CLANG_WARN_OBJC_ROOT_CLASS = YES_ERROR;
				CLANG_WARN_QUOTED_INCLUDE_IN_FRAMEWORK_HEADER = YES;
				CLANG_WARN_RANGE_LOOP_ANALYSIS = YES;
				CLANG_WARN_STRICT_PROTOTYPES = YES;
				CLANG_WARN_SUSPICIOUS_MOVE = YES;
				CLANG_WARN_UNGUARDED_AVAILABILITY = YES_AGGRESSIVE;
				CLANG_WARN_UNREACHABLE_CODE = YES;
				CLANG_WARN__DUPLICATE_METHOD_MATCH = YES;
				COPY_PHASE_STRIP = NO;
				DEBUG_INFORMATION_FORMAT = dwarf;
				ENABLE_STRICT_OBJC_MSGSEND = YES;
				ENABLE_TESTABILITY = YES;
				GCC_C_LANGUAGE_STANDARD = gnu11;
				GCC_DYNAMIC_NO_PIC = NO;
				GCC_NO_COMMON_BLOCKS = YES;
				GCC_OPTIMIZATION_LEVEL = 0;
				GCC_PREPROCESSOR_DEFINITIONS = (
					"DEBUG=1",
					"$(inherited)",
				);
				GCC_WARN_64_TO_32_BIT_CONVERSION = YES;
				GCC_WARN_ABOUT_RETURN_TYPE = YES_ERROR;
				GCC_WARN_UNDECLARED_SELECTOR = YES;
				GCC_WARN_UNINITIALIZED_AUTOS = YES_AGGRESSIVE;
				GCC_WARN_UNUSED_FUNCTION = YES;
				GCC_WARN_UNUSED_VARIABLE = YES;
				IPHONEOS_DEPLOYMENT_TARGET = 14.1;
				MTL_ENABLE_DEBUG_INFO = INCLUDE_SOURCE;
				MTL_FAST_MATH = YES;
				ONLY_ACTIVE_ARCH = YES;
				SDKROOT = iphoneos;
				SWIFT_ACTIVE_COMPILATION_CONDITIONS = DEBUG;
				SWIFT_OPTIMIZATION_LEVEL = "-Onone";
			};
			name = Debug;
		};
		8BCAB7A92559D4A5001A93D0 /* Release */ = {
			isa = XCBuildConfiguration;
			buildSettings = {
				ALWAYS_SEARCH_USER_PATHS = NO;
				CLANG_ANALYZER_NONNULL = YES;
				CLANG_ANALYZER_NUMBER_OBJECT_CONVERSION = YES_AGGRESSIVE;
				CLANG_CXX_LANGUAGE_STANDARD = "gnu++14";
				CLANG_CXX_LIBRARY = "libc++";
				CLANG_ENABLE_MODULES = YES;
				CLANG_ENABLE_OBJC_ARC = YES;
				CLANG_ENABLE_OBJC_WEAK = YES;
				CLANG_WARN_BLOCK_CAPTURE_AUTORELEASING = YES;
				CLANG_WARN_BOOL_CONVERSION = YES;
				CLANG_WARN_COMMA = YES;
				CLANG_WARN_CONSTANT_CONVERSION = YES;
				CLANG_WARN_DEPRECATED_OBJC_IMPLEMENTATIONS = YES;
				CLANG_WARN_DIRECT_OBJC_ISA_USAGE = YES_ERROR;
				CLANG_WARN_DOCUMENTATION_COMMENTS = YES;
				CLANG_WARN_EMPTY_BODY = YES;
				CLANG_WARN_ENUM_CONVERSION = YES;
				CLANG_WARN_INFINITE_RECURSION = YES;
				CLANG_WARN_INT_CONVERSION = YES;
				CLANG_WARN_NON_LITERAL_NULL_CONVERSION = YES;
				CLANG_WARN_OBJC_IMPLICIT_RETAIN_SELF = YES;
				CLANG_WARN_OBJC_LITERAL_CONVERSION = YES;
				CLANG_WARN_OBJC_ROOT_CLASS = YES_ERROR;
				CLANG_WARN_QUOTED_INCLUDE_IN_FRAMEWORK_HEADER = YES;
				CLANG_WARN_RANGE_LOOP_ANALYSIS = YES;
				CLANG_WARN_STRICT_PROTOTYPES = YES;
				CLANG_WARN_SUSPICIOUS_MOVE = YES;
				CLANG_WARN_UNGUARDED_AVAILABILITY = YES_AGGRESSIVE;
				CLANG_WARN_UNREACHABLE_CODE = YES;
				CLANG_WARN__DUPLICATE_METHOD_MATCH = YES;
				COPY_PHASE_STRIP = NO;
				DEBUG_INFORMATION_FORMAT = "dwarf-with-dsym";
				ENABLE_NS_ASSERTIONS = NO;
				ENABLE_STRICT_OBJC_MSGSEND = YES;
				GCC_C_LANGUAGE_STANDARD = gnu11;
				GCC_NO_COMMON_BLOCKS = YES;
				GCC_WARN_64_TO_32_BIT_CONVERSION = YES;
				GCC_WARN_ABOUT_RETURN_TYPE = YES_ERROR;
				GCC_WARN_UNDECLARED_SELECTOR = YES;
				GCC_WARN_UNINITIALIZED_AUTOS = YES_AGGRESSIVE;
				GCC_WARN_UNUSED_FUNCTION = YES;
				GCC_WARN_UNUSED_VARIABLE = YES;
				IPHONEOS_DEPLOYMENT_TARGET = 14.1;
				MTL_ENABLE_DEBUG_INFO = NO;
				MTL_FAST_MATH = YES;
				SDKROOT = iphoneos;
				SWIFT_COMPILATION_MODE = wholemodule;
				SWIFT_OPTIMIZATION_LEVEL = "-O";
				VALIDATE_PRODUCT = YES;
			};
			name = Release;
		};
		8BCAB7AB2559D4A5001A93D0 /* Debug */ = {
			isa = XCBuildConfiguration;
			buildSettings = {
				ASSETCATALOG_COMPILER_APPICON_NAME = AppIcon;
				ASSETCATALOG_COMPILER_GLOBAL_ACCENT_COLOR_NAME = AccentColor;
				CODE_SIGN_STYLE = Automatic;
				DEVELOPMENT_TEAM = WQ6FU7ZZ8T;
				FRAMEWORK_SEARCH_PATHS = "";
				INFOPLIST_FILE = "$(SRCROOT)/ClinicAdministration/Info.plist";
				IPHONEOS_DEPLOYMENT_TARGET = 13.0;
				LD_RUNPATH_SEARCH_PATHS = (
					"$(inherited)",
					"@executable_path/Frameworks",
				);
				PRODUCT_BUNDLE_IDENTIFIER = "qq.Clinic-Administration";
				PRODUCT_NAME = "$(TARGET_NAME)";
				SWIFT_VERSION = 5.0;
				TARGETED_DEVICE_FAMILY = 1;
			};
			name = Debug;
		};
		8BCAB7AC2559D4A5001A93D0 /* Release */ = {
			isa = XCBuildConfiguration;
			buildSettings = {
				ASSETCATALOG_COMPILER_APPICON_NAME = AppIcon;
				ASSETCATALOG_COMPILER_GLOBAL_ACCENT_COLOR_NAME = AccentColor;
				CODE_SIGN_STYLE = Automatic;
				DEVELOPMENT_TEAM = WQ6FU7ZZ8T;
				FRAMEWORK_SEARCH_PATHS = "";
				INFOPLIST_FILE = "$(SRCROOT)/ClinicAdministration/Info.plist";
				IPHONEOS_DEPLOYMENT_TARGET = 13.0;
				LD_RUNPATH_SEARCH_PATHS = (
					"$(inherited)",
					"@executable_path/Frameworks",
				);
				PRODUCT_BUNDLE_IDENTIFIER = "qq.Clinic-Administration";
				PRODUCT_NAME = "$(TARGET_NAME)";
				SWIFT_VERSION = 5.0;
				TARGETED_DEVICE_FAMILY = 1;
			};
			name = Release;
		};
		8BFE342F25B378150058F42F /* Debug */ = {
			isa = XCBuildConfiguration;
			buildSettings = {
				BUNDLE_LOADER = "$(TEST_HOST)";
				CODE_SIGN_STYLE = Automatic;
				DEVELOPMENT_TEAM = WQ6FU7ZZ8T;
				INFOPLIST_FILE = ClinicAdministrationTests/Info.plist;
				IPHONEOS_DEPLOYMENT_TARGET = 14.3;
				LD_RUNPATH_SEARCH_PATHS = (
					"$(inherited)",
					"@executable_path/Frameworks",
					"@loader_path/Frameworks",
				);
				PRODUCT_BUNDLE_IDENTIFIER = qq.ClinicAdministrationTests;
				PRODUCT_NAME = "$(TARGET_NAME)";
				SWIFT_VERSION = 5.0;
				TARGETED_DEVICE_FAMILY = "1,2";
				TEST_HOST = "$(BUILT_PRODUCTS_DIR)/ClinicAdministration.app/ClinicAdministration";
			};
			name = Debug;
		};
		8BFE343025B378150058F42F /* Release */ = {
			isa = XCBuildConfiguration;
			buildSettings = {
				BUNDLE_LOADER = "$(TEST_HOST)";
				CODE_SIGN_STYLE = Automatic;
				DEVELOPMENT_TEAM = WQ6FU7ZZ8T;
				INFOPLIST_FILE = ClinicAdministrationTests/Info.plist;
				IPHONEOS_DEPLOYMENT_TARGET = 14.3;
				LD_RUNPATH_SEARCH_PATHS = (
					"$(inherited)",
					"@executable_path/Frameworks",
					"@loader_path/Frameworks",
				);
				PRODUCT_BUNDLE_IDENTIFIER = qq.ClinicAdministrationTests;
				PRODUCT_NAME = "$(TARGET_NAME)";
				SWIFT_VERSION = 5.0;
				TARGETED_DEVICE_FAMILY = "1,2";
				TEST_HOST = "$(BUILT_PRODUCTS_DIR)/ClinicAdministration.app/ClinicAdministration";
			};
			name = Release;
		};
/* End XCBuildConfiguration section */

/* Begin XCConfigurationList section */
		8BCAB7912559D4A4001A93D0 /* Build configuration list for PBXProject "ClinicAdministration" */ = {
			isa = XCConfigurationList;
			buildConfigurations = (
				8BCAB7A82559D4A5001A93D0 /* Debug */,
				8BCAB7A92559D4A5001A93D0 /* Release */,
			);
			defaultConfigurationIsVisible = 0;
			defaultConfigurationName = Release;
		};
		8BCAB7AA2559D4A5001A93D0 /* Build configuration list for PBXNativeTarget "ClinicAdministration" */ = {
			isa = XCConfigurationList;
			buildConfigurations = (
				8BCAB7AB2559D4A5001A93D0 /* Debug */,
				8BCAB7AC2559D4A5001A93D0 /* Release */,
			);
			defaultConfigurationIsVisible = 0;
			defaultConfigurationName = Release;
		};
		8BFE342E25B378150058F42F /* Build configuration list for PBXNativeTarget "ClinicAdministrationTests" */ = {
			isa = XCConfigurationList;
			buildConfigurations = (
				8BFE342F25B378150058F42F /* Debug */,
				8BFE343025B378150058F42F /* Release */,
			);
			defaultConfigurationIsVisible = 0;
			defaultConfigurationName = Release;
		};
/* End XCConfigurationList section */

/* Begin XCSwiftPackageProductDependency section */
		8B4825D9260B14300086FB64 /* Design */ = {
			isa = XCSwiftPackageProductDependency;
			productName = Design;
		};
		8B4825EF260B254A0086FB64 /* DatePicker */ = {
			isa = XCSwiftPackageProductDependency;
			productName = DatePicker;
		};
		8B4825F6260B26BD0086FB64 /* Extensions */ = {
			isa = XCSwiftPackageProductDependency;
			productName = Extensions;
		};
		8B4825FC260B395B0086FB64 /* CalendarControl */ = {
			isa = XCSwiftPackageProductDependency;
			productName = CalendarControl;
		};
/* End XCSwiftPackageProductDependency section */
	};
	rootObject = 8BCAB78E2559D4A4001A93D0 /* Project object */;
}
